// !$*UTF8*$!
{
	archiveVersion = 1;
	classes = {
	};
	objectVersion = 46;
	objects = {
/* Begin PBXBuildFile section */
		0207DA581B56EA530066E2B4 /* Images.xcassets in Resources */ = {isa = PBXBuildFile; fileRef = 0207DA571B56EA530066E2B4 /* Images.xcassets */; };
		1D3623260D0F684500981E51 /* AppDelegate.m in Sources */ = {isa = PBXBuildFile; fileRef = 1D3623250D0F684500981E51 /* AppDelegate.m */; };
		1D60589B0D05DD56006BFB54 /* main.m in Sources */ = {isa = PBXBuildFile; fileRef = 29B97316FDCFA39411CA2CEA /* main.m */; };
		301BF552109A68D80062928A /* libCordova.a in Frameworks */ = {isa = PBXBuildFile; fileRef = 301BF535109A57CC0062928A /* libCordova.a */; };
		302D95F114D2391D003F00A1 /* MainViewController.m in Sources */ = {isa = PBXBuildFile; fileRef = 302D95EF14D2391D003F00A1 /* MainViewController.m */; };
		302D95F214D2391D003F00A1 /* MainViewController.xib in Resources */ = {isa = PBXBuildFile; fileRef = 302D95F014D2391D003F00A1 /* MainViewController.xib */; };
		3047A5121AB8059700498E2A /* build-debug.xcconfig in Resources */ = {isa = PBXBuildFile; fileRef = 3047A50F1AB8059700498E2A /* build-debug.xcconfig */; };
		3047A5131AB8059700498E2A /* build-release.xcconfig in Resources */ = {isa = PBXBuildFile; fileRef = 3047A5101AB8059700498E2A /* build-release.xcconfig */; };
		3047A5141AB8059700498E2A /* build.xcconfig in Resources */ = {isa = PBXBuildFile; fileRef = 3047A5111AB8059700498E2A /* build.xcconfig */; };
		598E2A2432794B719E18932E /* CDVBattery.m in Sources */ = {isa = PBXBuildFile; fileRef = 03BAA9CCC8FC4DADAD7D83E1 /* CDVBattery.m */; };
		4DA5BD1915C04A41A11A50FD /* UIImage+CropScaleOrientation.m in Sources */ = {isa = PBXBuildFile; fileRef = 43D9DF61ECEF433C956550B5 /* UIImage+CropScaleOrientation.m */; };
		4158EB55E32D42DB9668D581 /* CDVCamera.m in Sources */ = {isa = PBXBuildFile; fileRef = F0B2806E07BD409F85923423 /* CDVCamera.m */; };
		C6ABA3299DF44451925EBE09 /* CDVJpegHeaderWriter.m in Sources */ = {isa = PBXBuildFile; fileRef = B27307B64D744B9EB122DC3D /* CDVJpegHeaderWriter.m */; };
		017585C9C3DC4E0DB23A2852 /* ImageIO.framework in Frameworks */ = {isa = PBXBuildFile; fileRef = 8CDEFAC60D154534B4C64970 /* ImageIO.framework */; settings = {ATTRIBUTES = (Weak, ); }; };
		684AC6AE1C6B4DBF809B4416 /* CoreLocation.framework in Frameworks */ = {isa = PBXBuildFile; fileRef = B5E63E2CA2A847DEB223DA14 /* CoreLocation.framework */; };
		6E882FA2E9964FBBBB3D4FBB /* AVFoundation.framework in Frameworks */ = {isa = PBXBuildFile; fileRef = 69B1ACD673D24AFE899C4973 /* AVFoundation.framework */; };
		F372BA27E4304A4F90051050 /* CDVLogger.m in Sources */ = {isa = PBXBuildFile; fileRef = 497A04622E95441F9C66F223 /* CDVLogger.m */; };
		538352286A684577B3846DCC /* CDVContacts.m in Sources */ = {isa = PBXBuildFile; fileRef = 38587C344AC6499690518D41 /* CDVContacts.m */; };
		BCA1A874FCD44FD4B5DC22F4 /* CDVContact.m in Sources */ = {isa = PBXBuildFile; fileRef = 908FBDD5000346FC99F23C93 /* CDVContact.m */; };
		912EF99942CE4FFBB6247A72 /* AddressBook.framework in Frameworks */ = {isa = PBXBuildFile; fileRef = 5DAB3A4E8D5E4579B18987B4 /* AddressBook.framework */; settings = {ATTRIBUTES = (Weak, ); }; };
		CEFC5BD20DF849638C78D33F /* AddressBookUI.framework in Frameworks */ = {isa = PBXBuildFile; fileRef = 404F071B42DF431995E4B0D3 /* AddressBookUI.framework */; settings = {ATTRIBUTES = (Weak, ); }; };
		2021A34B1BBA42379A6DAABC /* CDVDevice.m in Sources */ = {isa = PBXBuildFile; fileRef = D44E02A47B8B4DBC82272938 /* CDVDevice.m */; };
		AE3C3CB6439F43B8B92A4071 /* CDVAccelerometer.m in Sources */ = {isa = PBXBuildFile; fileRef = 18D1579B2FEB450D89F85409 /* CDVAccelerometer.m */; };
		4DA884DF6AB3445FBF01318B /* CoreMotion.framework in Frameworks */ = {isa = PBXBuildFile; fileRef = 499E9072D04247E88B4D5D87 /* CoreMotion.framework */; };
		836B711B351C49C784B70BAD /* CDVCompass.m in Sources */ = {isa = PBXBuildFile; fileRef = 1F12FD937C464A668CCA759C /* CDVCompass.m */; };
		9962BC881BFE454E92CF0D8A /* CDVNotification.m in Sources */ = {isa = PBXBuildFile; fileRef = 60C6035917DE4B33BF5CA941 /* CDVNotification.m */; };
		201F975DD89849EB9F7EF473 /* CDVNotification.bundle in Resources */ = {isa = PBXBuildFile; fileRef = 4BB4E013C3F2450B9D391FE3 /* CDVNotification.bundle */; };
		8A104167292C42C6B26819BF /* AudioToolbox.framework in Frameworks */ = {isa = PBXBuildFile; fileRef = 71826C8FA4994A9AAF3AEED4 /* AudioToolbox.framework */; settings = {ATTRIBUTES = (Weak, ); }; };
		A98293FB1C624363B8D739B1 /* CDVFile.m in Sources */ = {isa = PBXBuildFile; fileRef = D6BAEB91EDA0498586DD6D43 /* CDVFile.m */; };
		3DC37C3476DE48A983604076 /* CDVLocalFilesystem.m in Sources */ = {isa = PBXBuildFile; fileRef = 8DD53C893AAE430A8FA743DD /* CDVLocalFilesystem.m */; };
		FADBC7998DEF4CA88D4F76B1 /* CDVAssetLibraryFilesystem.m in Sources */ = {isa = PBXBuildFile; fileRef = AF7F6FD699F342B6B64C35E2 /* CDVAssetLibraryFilesystem.m */; };
		4F3D43A9E2B142C28C0EC00F /* CDVFileTransfer.m in Sources */ = {isa = PBXBuildFile; fileRef = 7F97DFC5EB804B05853633AC /* CDVFileTransfer.m */; };
		E2698DC0615341C3924F7005 /* CDVLocation.m in Sources */ = {isa = PBXBuildFile; fileRef = BBB0FBF620F1406C8C691832 /* CDVLocation.m */; };
		49AAB3D1077B4D46BBF5B05C /* CDVGlobalization.m in Sources */ = {isa = PBXBuildFile; fileRef = 731D85F4409E437E9F897583 /* CDVGlobalization.m */; };
		3AB211BFABE94983B2C60CEA /* CDVInAppBrowser.m in Sources */ = {isa = PBXBuildFile; fileRef = CB595212E86B4FF6AF4CC059 /* CDVInAppBrowser.m */; };
		E037EB7DD2C74428AF758608 /* CDVSound.m in Sources */ = {isa = PBXBuildFile; fileRef = 17F2B7FF899048A7A24BE17C /* CDVSound.m */; };
		C9AFFFDA3A6442BEB2A6DC5E /* CDVCapture.m in Sources */ = {isa = PBXBuildFile; fileRef = 319F9657FDF841C0A173387C /* CDVCapture.m */; };
		3F80E3F5B3294196B1C64D33 /* CDVCapture.bundle in Resources */ = {isa = PBXBuildFile; fileRef = F3916526991042FD876316BE /* CDVCapture.bundle */; };
		861CF7DB38E64FC1ABDB87A8 /* CDVConnection.m in Sources */ = {isa = PBXBuildFile; fileRef = 3838D307667B443D9C201112 /* CDVConnection.m */; };
		D3907BE0D3A74468A9D5346A /* CDVReachability.m in Sources */ = {isa = PBXBuildFile; fileRef = 439272FA0CED43D5B02DDE0D /* CDVReachability.m */; };
		A51B2FBF5FCD427EB40C9C01 /* SystemConfiguration.framework in Frameworks */ = {isa = PBXBuildFile; fileRef = AC470BF2ECA94CCB8BC99777 /* SystemConfiguration.framework */; settings = {ATTRIBUTES = (Weak, ); }; };
		023F1D7DC5A643AB8E0229DC /* CoreTelephony.framework in Frameworks */ = {isa = PBXBuildFile; fileRef = A29658D3E52946DB8788D7EC /* CoreTelephony.framework */; };
		4759A2CE125940CA8FD193AE /* CDVSplashScreen.m in Sources */ = {isa = PBXBuildFile; fileRef = 970C220DF29E4265B6BE6A06 /* CDVSplashScreen.m */; };
		9A55876F20824E84AB0F56AC /* CDVViewController+SplashScreen.m in Sources */ = {isa = PBXBuildFile; fileRef = 4FA06AEF4F09446BB3BC1BAE /* CDVViewController+SplashScreen.m */; };
		233B6E3EA0064479B0137925 /* CDVStatusBar.m in Sources */ = {isa = PBXBuildFile; fileRef = 3D2E215A472747C9A794073E /* CDVStatusBar.m */; };
		9A1AEF7736614614AACF0ABD /* CDVVibration.m in Sources */ = {isa = PBXBuildFile; fileRef = 5CD6C11D023A4EB6AC427EE5 /* CDVVibration.m */; };
		47E8B6D1F8DD4AAB9BC329EB /* SQLitePlugin.m in Sources */ = {isa = PBXBuildFile; fileRef = EBEBA2F3F8C443B990C012FF /* SQLitePlugin.m */; };
		58E6833D4A7546F0ADD38440 /* sqlite3.c in Resources */ = {isa = PBXBuildFile; fileRef = 7489F84E971E4234A2CA6C70 /* sqlite3.c */; settings = {COMPILER_FLAGS = "-DSQLITE_TEMP_STORE=2 -DSQLITE_THREADSAFE=2 -DSQLITE_ENABLE_FTS3 -DSQLITE_ENABLE_FTS3_PARENTHESIS -DSQLITE_ENABLE_FTS4 -DSQLITE_ENABLE_COLUMN_METADATA -DSQLITE_ENABLE_RTREE -DSQLITE_LOCKING_STYLE=1 -DSQLITE_OMIT_BUILTIN_TEST -DSQLITE_OMIT_LOAD_EXTENSION"; }; };
		8DB7C1B583154257942D87E8 /* CoreBluetooth.framework in Frameworks */ = {isa = PBXBuildFile; fileRef = 4BC468ACE0994C54A5BFF78D /* CoreBluetooth.framework */; };
		4B9E32443CE541369FE4F205 /* MessageUI.framework in Frameworks */ = {isa = PBXBuildFile; fileRef = A1A6A1FD5756455D94C3CF2D /* MessageUI.framework */; };
		2D2ED4FE964F4051B23A74F0 /* libz.dylib in Frameworks */ = {isa = PBXBuildFile; fileRef = 8D0C3856EEFC4875A6D95487 /* libz.dylib */; };
		CCFC5DE16140421FB5FD9752 /* CDVLocationManager.m in Sources */ = {isa = PBXBuildFile; fileRef = F5F1237F9B8A426DAA84AA4A /* CDVLocationManager.m */; };
		88E6810083854F6DAD3B5213 /* AppDelegate+CDVLocationManager.m in Sources */ = {isa = PBXBuildFile; fileRef = 74C20EE8BCA54F9793B437F3 /* AppDelegate+CDVLocationManager.m */; };
		F582DBDA960340ECB9E2F80F /* LMLogger.m in Sources */ = {isa = PBXBuildFile; fileRef = 50528F8C4C3146709AB9FEA3 /* LMLogger.m */; };
		9DE8108747EA414087D6AF01 /* APPLocalNotification.m in Sources */ = {isa = PBXBuildFile; fileRef = 94122A6573854B36A5282B69 /* APPLocalNotification.m */; };
		E4DA84AEA2714CA38CC9F91B /* APPLocalNotificationOptions.m in Sources */ = {isa = PBXBuildFile; fileRef = AC6FF1C2DA804AC0BF9C8C1C /* APPLocalNotificationOptions.m */; };
		FAF151B9775D456A9978876A /* UIApplication+APPLocalNotification.m in Sources */ = {isa = PBXBuildFile; fileRef = 527F8202737146F4AAE6EAED /* UIApplication+APPLocalNotification.m */; };
		32992A83D6D64C178B6BCF0E /* UILocalNotification+APPLocalNotification.m in Sources */ = {isa = PBXBuildFile; fileRef = 2199C30CA27041E8A893EC92 /* UILocalNotification+APPLocalNotification.m */; };
		B8AFC252CD1E44CDB7187596 /* APPEmailComposer.m in Sources */ = {isa = PBXBuildFile; fileRef = CF9D5BAB08364B059B060C45 /* APPEmailComposer.m */; };
		46A57297EB8045CAA8C38C0E /* APPEmailComposerImpl.m in Sources */ = {isa = PBXBuildFile; fileRef = C0D430D7C3A74B8EBB5C14F2 /* APPEmailComposerImpl.m */; };
		B94DE10BA2464CC58A5BED48 /* DatePicker.m in Sources */ = {isa = PBXBuildFile; fileRef = EE382B5C1CCA4992B78E1129 /* DatePicker.m */; };
		1246B33BEA054D2E98F89E16 /* DatePicker.xib in Resources */ = {isa = PBXBuildFile; fileRef = A676721A341F45D3B2688F8E /* DatePicker.xib */; };
		2CF784AB8C2946D0A98AD918 /* ZipPlugin.m in Sources */ = {isa = PBXBuildFile; fileRef = A9C4B29D4E3E49FC8593FF77 /* ZipPlugin.m */; };
		DBE3F373833D42358B0A0BFF /* aescrypt.c in Resources */ = {isa = PBXBuildFile; fileRef = 7AB427A82C8747A188D4BE6B /* aescrypt.c */; };
		A0BB06D3168642EA87CD74D6 /* aeskey.c in Resources */ = {isa = PBXBuildFile; fileRef = DA4DEB9DB43D4072BB1837F6 /* aeskey.c */; };
		800ED0430C8545B1AB2BDDD8 /* aestab.c in Resources */ = {isa = PBXBuildFile; fileRef = 1FFB09162AB7446D94CBBFB8 /* aestab.c */; };
		0938A132D26544018C3F3BC6 /* entropy.c in Resources */ = {isa = PBXBuildFile; fileRef = DC56FF92587943C4A97A8B08 /* entropy.c */; };
		3BB2132D070F4E21A001D5C2 /* fileenc.c in Resources */ = {isa = PBXBuildFile; fileRef = CA3CD401C6EB416ABA9ED258 /* fileenc.c */; };
		1357D236A23F4C57923CDE4E /* hmac.c in Resources */ = {isa = PBXBuildFile; fileRef = 4F2D95CD35174E5A85F368E5 /* hmac.c */; };
		50885CA4CAF34C2D8DD9BB65 /* prng.c in Resources */ = {isa = PBXBuildFile; fileRef = 0ADB6D1BE7414B39B7BA33D7 /* prng.c */; };
		A497260B859D4DDD998670D6 /* pwd2key.c in Resources */ = {isa = PBXBuildFile; fileRef = 63819990084441C497BDE950 /* pwd2key.c */; };
		565F52DBCA654918949ADBAF /* sha1.c in Resources */ = {isa = PBXBuildFile; fileRef = 27051FB7645C4BC9BBE0889B /* sha1.c */; };
		BDB98ACF588C4A9CA44C60DC /* SSZipArchive.m in Sources */ = {isa = PBXBuildFile; fileRef = C05082E6EEB442DC8D53D46B /* SSZipArchive.m */; };
		DDB7D35C02A34AB59BE03E26 /* zip.c in Resources */ = {isa = PBXBuildFile; fileRef = 8E385104EF5244138BB9DD58 /* zip.c */; };
		0DDC5B0235F141E6881F2217 /* unzip.c in Resources */ = {isa = PBXBuildFile; fileRef = 46DF11AF9BBA45F6A7A40B64 /* unzip.c */; };
		E07D6E6C95564A5D81268446 /* mztools.c in Resources */ = {isa = PBXBuildFile; fileRef = E91BE4892C8F4207BA1FB06B /* mztools.c */; };
		C332122136604DCD8A56E16A /* ioapi.c in Resources */ = {isa = PBXBuildFile; fileRef = F17DAA2971E54366B8D9C0BB /* ioapi.c */; };
		E93224860FB34E75A8CDC170 /* APPBackgroundMode.m in Sources */ = {isa = PBXBuildFile; fileRef = 330B023195D94545BFCE1A2F /* APPBackgroundMode.m */; };
		3CB64FB8D86E4A389C745BA6 /* appbeep.wav in Resources */ = {isa = PBXBuildFile; fileRef = 858164E09E7B437CAB32081F /* appbeep.wav */; };
		A1622B2EF99348EEA9F4D1CB /* BackgroundDownload.m in Sources */ = {isa = PBXBuildFile; fileRef = 1A2706F1B9F647B4ADC6BADC /* BackgroundDownload.m */; };
		581C96889D9340829F16073B /* AppDelegate+APPAppEvent.m in Sources */ = {isa = PBXBuildFile; fileRef = 7A6909AD3F754E1B89B61D2A /* AppDelegate+APPAppEvent.m */; };
		26E6B70DCD1746A3A1E54BBC /* CDVPlugin+APPAppEvent.m in Sources */ = {isa = PBXBuildFile; fileRef = E49B6C52CABA401ABBBD4CE7 /* CDVPlugin+APPAppEvent.m */; };
		C8AF93D8B7314C06A7FDA3E6 /* CDVBarcodeScanner.mm in Resources */ = {isa = PBXBuildFile; fileRef = 3E462975AAC54889A4AB1B59 /* CDVBarcodeScanner.mm */; settings = {COMPILER_FLAGS = "-fno-objc-arc"; }; };
		E167CA58B6B543B29B070B53 /* zxing-all-in-one.cpp in Resources */ = {isa = PBXBuildFile; fileRef = C180D03736694827A62D6127 /* zxing-all-in-one.cpp */; };
		5422C3B1BAFD44B287B53A4B /* scannerOverlay.xib in Resources */ = {isa = PBXBuildFile; fileRef = 3A84178082CA495CB903D824 /* scannerOverlay.xib */; };
		CF2085AAC8784385A0A0DCB7 /* libiconv.dylib in Frameworks */ = {isa = PBXBuildFile; fileRef = 45D0E272022142EEA422B316 /* libiconv.dylib */; };
		AFC16D35C11444FEAEEB2E9E /* CoreVideo.framework in Frameworks */ = {isa = PBXBuildFile; fileRef = E9476C3014A64A9086D73FA5 /* CoreVideo.framework */; };
		2E1F70EE0F7B4815AB0D4D25 /* QuartzCore.framework in Frameworks */ = {isa = PBXBuildFile; fileRef = E44E89BDB6864933933262AC /* QuartzCore.framework */; };
		9AB32C81A57C43BDB9E0DBBD /* CDVBarcodeScanner.mm in Resources */ = {isa = PBXBuildFile; fileRef = 0AA461A949054F45BF7015BF /* CDVBarcodeScanner.mm */; settings = {COMPILER_FLAGS = "-fno-objc-arc"; }; };
		53FBB7C7746942F9A3DBA9AF /* zxing-all-in-one.cpp in Resources */ = {isa = PBXBuildFile; fileRef = 21895D8E35B24FEBADC17EDF /* zxing-all-in-one.cpp */; };
		485C496367F04BC6A4659567 /* scannerOverlay.xib in Resources */ = {isa = PBXBuildFile; fileRef = 9C3D8BC547C64B75A30216B2 /* scannerOverlay.xib */; };
		4CE9061E158B448FA98814D8 /* CDVBarcodeScanner.bundle in Resources */ = {isa = PBXBuildFile; fileRef = 2D8FA71C11454E2DBE538F9B /* CDVBarcodeScanner.bundle */; };
		A8EF814FC48642BF93DFA20B /* CoreImage.framework in Frameworks */ = {isa = PBXBuildFile; fileRef = 8EEF0CD45E8A4B45B99D12E7 /* CoreImage.framework */; };
/* End PBXBuildFile section */

/* Begin PBXContainerItemProxy section */
		301BF534109A57CC0062928A /* PBXContainerItemProxy */ = {
			isa = PBXContainerItemProxy;
			containerPortal = 301BF52D109A57CC0062928A /* CordovaLib.xcodeproj */;
			proxyType = 2;
			remoteGlobalIDString = D2AAC07E0554694100DB518D;
			remoteInfo = CordovaLib;
		};
		301BF550109A68C00062928A /* PBXContainerItemProxy */ = {
			isa = PBXContainerItemProxy;
			containerPortal = 301BF52D109A57CC0062928A /* CordovaLib.xcodeproj */;
			proxyType = 1;
			remoteGlobalIDString = D2AAC07D0554694100DB518D;
			remoteInfo = CordovaLib;
		};
/* End PBXContainerItemProxy section */

/* Begin PBXFileReference section */
		0207DA571B56EA530066E2B4 /* Images.xcassets */ = {isa = PBXFileReference; lastKnownFileType = folder.assetcatalog; name = Images.xcassets; path = "MyStudy/Images.xcassets"; sourceTree = SOURCE_ROOT; };
		1D3623240D0F684500981E51 /* AppDelegate.h */ = {isa = PBXFileReference; fileEncoding = 4; lastKnownFileType = sourcecode.c.h; path = AppDelegate.h; sourceTree = "<group>"; };
		1D3623250D0F684500981E51 /* AppDelegate.m */ = {isa = PBXFileReference; fileEncoding = 4; lastKnownFileType = sourcecode.c.objc; path = AppDelegate.m; sourceTree = "<group>"; };
		1D6058910D05DD3D006BFB54 /* MyStudy.app */ = {isa = PBXFileReference; explicitFileType = wrapper.application; includeInIndex = 0; path = "MyStudy.app"; sourceTree = BUILT_PRODUCTS_DIR; };
		29B97316FDCFA39411CA2CEA /* main.m */ = {isa = PBXFileReference; fileEncoding = 4; lastKnownFileType = sourcecode.c.objc; path = main.m; sourceTree = "<group>"; };
		301BF52D109A57CC0062928A /* CordovaLib.xcodeproj */ = {isa = PBXFileReference; lastKnownFileType = "wrapper.pb-project"; name = CordovaLib.xcodeproj; path = CordovaLib/CordovaLib.xcodeproj; sourceTree = "<group>"; };
		301BF56E109A69640062928A /* www */ = {isa = PBXFileReference; lastKnownFileType = folder; path = www; sourceTree = SOURCE_ROOT; };
		302D95EE14D2391D003F00A1 /* MainViewController.h */ = {isa = PBXFileReference; fileEncoding = 4; lastKnownFileType = sourcecode.c.h; path = MainViewController.h; sourceTree = "<group>"; };
		302D95EF14D2391D003F00A1 /* MainViewController.m */ = {isa = PBXFileReference; fileEncoding = 4; lastKnownFileType = sourcecode.c.objc; path = MainViewController.m; sourceTree = "<group>"; };
		302D95F014D2391D003F00A1 /* MainViewController.xib */ = {isa = PBXFileReference; fileEncoding = 4; lastKnownFileType = file.xib; path = MainViewController.xib; sourceTree = "<group>"; };
		3047A50F1AB8059700498E2A /* build-debug.xcconfig */ = {isa = PBXFileReference; fileEncoding = 4; lastKnownFileType = text.xcconfig; name = "build-debug.xcconfig"; path = cordova/build-debug.xcconfig; sourceTree = SOURCE_ROOT; };
		3047A5101AB8059700498E2A /* build-release.xcconfig */ = {isa = PBXFileReference; fileEncoding = 4; lastKnownFileType = text.xcconfig; name = "build-release.xcconfig"; path = cordova/build-release.xcconfig; sourceTree = SOURCE_ROOT; };
		3047A5111AB8059700498E2A /* build.xcconfig */ = {isa = PBXFileReference; fileEncoding = 4; lastKnownFileType = text.xcconfig; name = build.xcconfig; path = cordova/build.xcconfig; sourceTree = SOURCE_ROOT; };
		32CA4F630368D1EE00C91783 /* MyStudy-Prefix.pch */ = {isa = PBXFileReference; fileEncoding = 4; lastKnownFileType = sourcecode.c.h; path = "MyStudy-Prefix.pch"; sourceTree = "<group>"; };
		8D1107310486CEB800E47090 /* MyStudy-Info.plist */ = {isa = PBXFileReference; fileEncoding = 4; lastKnownFileType = text.plist.xml; name = "MyStudy-Info.plist"; path = "MyStudy/MyStudy-Info.plist"; plistStructureDefinitionIdentifier = "com.apple.xcode.plist.structure-definition.iphone.info-plist"; sourceTree = SOURCE_ROOT; };
		EB87FDF31871DA8E0020F90C /* www */ = {isa = PBXFileReference; lastKnownFileType = folder; name = www; path = ../../www; sourceTree = "<group>"; };
		EB87FDF41871DAF40020F90C /* config.xml */ = {isa = PBXFileReference; lastKnownFileType = text.xml; name = config.xml; path = ../../config.xml; sourceTree = "<group>"; };
		F840E1F0165FE0F500CFE078 /* config.xml */ = {isa = PBXFileReference; lastKnownFileType = text.xml; name = config.xml; path = "MyStudy/config.xml"; sourceTree = "<group>"; };
		ED33DF2A687741AEAF9F8254 /* Bridging-Header.h */ = {isa = PBXFileReference; fileEncoding = 4; lastKnownFileType = sourcecode.c.h; name = "Bridging-Header.h"; path = "Bridging-Header.h"; sourceTree = "<group>"; };
		03BAA9CCC8FC4DADAD7D83E1 /* CDVBattery.m */ = {isa = PBXFileReference; name = "CDVBattery.m"; path = "cordova-plugin-battery-status/CDVBattery.m"; sourceTree = "<group>"; fileEncoding = 4; lastKnownFileType = sourcecode.c.objc; explicitFileType = undefined; includeInIndex = 0; };
		47D0EB20C59F41F5AA33B21D /* CDVBattery.h */ = {isa = PBXFileReference; name = "CDVBattery.h"; path = "cordova-plugin-battery-status/CDVBattery.h"; sourceTree = "<group>"; fileEncoding = 4; lastKnownFileType = sourcecode.c.h; explicitFileType = undefined; includeInIndex = 0; };
		43D9DF61ECEF433C956550B5 /* UIImage+CropScaleOrientation.m */ = {isa = PBXFileReference; name = "UIImage+CropScaleOrientation.m"; path = "cordova-plugin-camera/UIImage+CropScaleOrientation.m"; sourceTree = "<group>"; fileEncoding = 4; lastKnownFileType = sourcecode.c.objc; explicitFileType = undefined; includeInIndex = 0; };
		F0B2806E07BD409F85923423 /* CDVCamera.m */ = {isa = PBXFileReference; name = "CDVCamera.m"; path = "cordova-plugin-camera/CDVCamera.m"; sourceTree = "<group>"; fileEncoding = 4; lastKnownFileType = sourcecode.c.objc; explicitFileType = undefined; includeInIndex = 0; };
		B27307B64D744B9EB122DC3D /* CDVJpegHeaderWriter.m */ = {isa = PBXFileReference; name = "CDVJpegHeaderWriter.m"; path = "cordova-plugin-camera/CDVJpegHeaderWriter.m"; sourceTree = "<group>"; fileEncoding = 4; lastKnownFileType = sourcecode.c.objc; explicitFileType = undefined; includeInIndex = 0; };
		1104FF1AFBA646C8A5544C53 /* UIImage+CropScaleOrientation.h */ = {isa = PBXFileReference; name = "UIImage+CropScaleOrientation.h"; path = "cordova-plugin-camera/UIImage+CropScaleOrientation.h"; sourceTree = "<group>"; fileEncoding = 4; lastKnownFileType = sourcecode.c.h; explicitFileType = undefined; includeInIndex = 0; };
		8017EA96856E42548B77828E /* CDVCamera.h */ = {isa = PBXFileReference; name = "CDVCamera.h"; path = "cordova-plugin-camera/CDVCamera.h"; sourceTree = "<group>"; fileEncoding = 4; lastKnownFileType = sourcecode.c.h; explicitFileType = undefined; includeInIndex = 0; };
		FAD6FB3D517740A091C8A28A /* CDVJpegHeaderWriter.h */ = {isa = PBXFileReference; name = "CDVJpegHeaderWriter.h"; path = "cordova-plugin-camera/CDVJpegHeaderWriter.h"; sourceTree = "<group>"; fileEncoding = 4; lastKnownFileType = sourcecode.c.h; explicitFileType = undefined; includeInIndex = 0; };
		159A636E6DC444F6A96C8977 /* CDVExif.h */ = {isa = PBXFileReference; name = "CDVExif.h"; path = "cordova-plugin-camera/CDVExif.h"; sourceTree = "<group>"; fileEncoding = 4; lastKnownFileType = sourcecode.c.h; explicitFileType = undefined; includeInIndex = 0; };
		8CDEFAC60D154534B4C64970 /* ImageIO.framework */ = {isa = PBXFileReference; name = "ImageIO.framework"; path = "System/Library/Frameworks/ImageIO.framework"; sourceTree = SDKROOT; fileEncoding = undefined; lastKnownFileType = wrapper.framework; explicitFileType = undefined; includeInIndex = 0; };
		B5E63E2CA2A847DEB223DA14 /* CoreLocation.framework */ = {isa = PBXFileReference; name = "CoreLocation.framework"; path = "System/Library/Frameworks/CoreLocation.framework"; sourceTree = SDKROOT; fileEncoding = undefined; lastKnownFileType = wrapper.framework; explicitFileType = undefined; includeInIndex = 0; };
		69B1ACD673D24AFE899C4973 /* AVFoundation.framework */ = {isa = PBXFileReference; name = "AVFoundation.framework"; path = "System/Library/Frameworks/AVFoundation.framework"; sourceTree = SDKROOT; fileEncoding = undefined; lastKnownFileType = wrapper.framework; explicitFileType = undefined; includeInIndex = 0; };
		497A04622E95441F9C66F223 /* CDVLogger.m */ = {isa = PBXFileReference; name = "CDVLogger.m"; path = "cordova-plugin-console/CDVLogger.m"; sourceTree = "<group>"; fileEncoding = 4; lastKnownFileType = sourcecode.c.objc; explicitFileType = undefined; includeInIndex = 0; };
		C840264D79C64BF9A46799DB /* CDVLogger.h */ = {isa = PBXFileReference; name = "CDVLogger.h"; path = "cordova-plugin-console/CDVLogger.h"; sourceTree = "<group>"; fileEncoding = 4; lastKnownFileType = sourcecode.c.h; explicitFileType = undefined; includeInIndex = 0; };
		38587C344AC6499690518D41 /* CDVContacts.m */ = {isa = PBXFileReference; name = "CDVContacts.m"; path = "cordova-plugin-contacts/CDVContacts.m"; sourceTree = "<group>"; fileEncoding = 4; lastKnownFileType = sourcecode.c.objc; explicitFileType = undefined; includeInIndex = 0; };
		908FBDD5000346FC99F23C93 /* CDVContact.m */ = {isa = PBXFileReference; name = "CDVContact.m"; path = "cordova-plugin-contacts/CDVContact.m"; sourceTree = "<group>"; fileEncoding = 4; lastKnownFileType = sourcecode.c.objc; explicitFileType = undefined; includeInIndex = 0; };
		71394BC9B7F24FCEAB6483A7 /* CDVContacts.h */ = {isa = PBXFileReference; name = "CDVContacts.h"; path = "cordova-plugin-contacts/CDVContacts.h"; sourceTree = "<group>"; fileEncoding = 4; lastKnownFileType = sourcecode.c.h; explicitFileType = undefined; includeInIndex = 0; };
		5077527EF888410F9BD025A1 /* CDVContact.h */ = {isa = PBXFileReference; name = "CDVContact.h"; path = "cordova-plugin-contacts/CDVContact.h"; sourceTree = "<group>"; fileEncoding = 4; lastKnownFileType = sourcecode.c.h; explicitFileType = undefined; includeInIndex = 0; };
		5DAB3A4E8D5E4579B18987B4 /* AddressBook.framework */ = {isa = PBXFileReference; name = "AddressBook.framework"; path = "System/Library/Frameworks/AddressBook.framework"; sourceTree = SDKROOT; fileEncoding = undefined; lastKnownFileType = wrapper.framework; explicitFileType = undefined; includeInIndex = 0; };
		404F071B42DF431995E4B0D3 /* AddressBookUI.framework */ = {isa = PBXFileReference; name = "AddressBookUI.framework"; path = "System/Library/Frameworks/AddressBookUI.framework"; sourceTree = SDKROOT; fileEncoding = undefined; lastKnownFileType = wrapper.framework; explicitFileType = undefined; includeInIndex = 0; };
		D44E02A47B8B4DBC82272938 /* CDVDevice.m */ = {isa = PBXFileReference; name = "CDVDevice.m"; path = "cordova-plugin-device/CDVDevice.m"; sourceTree = "<group>"; fileEncoding = 4; lastKnownFileType = sourcecode.c.objc; explicitFileType = undefined; includeInIndex = 0; };
		3BAABDFB113946CD933D5C19 /* CDVDevice.h */ = {isa = PBXFileReference; name = "CDVDevice.h"; path = "cordova-plugin-device/CDVDevice.h"; sourceTree = "<group>"; fileEncoding = 4; lastKnownFileType = sourcecode.c.h; explicitFileType = undefined; includeInIndex = 0; };
		18D1579B2FEB450D89F85409 /* CDVAccelerometer.m */ = {isa = PBXFileReference; name = "CDVAccelerometer.m"; path = "cordova-plugin-device-motion/CDVAccelerometer.m"; sourceTree = "<group>"; fileEncoding = 4; lastKnownFileType = sourcecode.c.objc; explicitFileType = undefined; includeInIndex = 0; };
		8C8738D0AE9142A29138BA21 /* CDVAccelerometer.h */ = {isa = PBXFileReference; name = "CDVAccelerometer.h"; path = "cordova-plugin-device-motion/CDVAccelerometer.h"; sourceTree = "<group>"; fileEncoding = 4; lastKnownFileType = sourcecode.c.h; explicitFileType = undefined; includeInIndex = 0; };
		499E9072D04247E88B4D5D87 /* CoreMotion.framework */ = {isa = PBXFileReference; name = "CoreMotion.framework"; path = "System/Library/Frameworks/CoreMotion.framework"; sourceTree = SDKROOT; fileEncoding = undefined; lastKnownFileType = wrapper.framework; explicitFileType = undefined; includeInIndex = 0; };
		1F12FD937C464A668CCA759C /* CDVCompass.m */ = {isa = PBXFileReference; name = "CDVCompass.m"; path = "cordova-plugin-device-orientation/CDVCompass.m"; sourceTree = "<group>"; fileEncoding = 4; lastKnownFileType = sourcecode.c.objc; explicitFileType = undefined; includeInIndex = 0; };
		EC341CC6476D48D6BC000F61 /* CDVCompass.h */ = {isa = PBXFileReference; name = "CDVCompass.h"; path = "cordova-plugin-device-orientation/CDVCompass.h"; sourceTree = "<group>"; fileEncoding = 4; lastKnownFileType = sourcecode.c.h; explicitFileType = undefined; includeInIndex = 0; };
		60C6035917DE4B33BF5CA941 /* CDVNotification.m */ = {isa = PBXFileReference; name = "CDVNotification.m"; path = "cordova-plugin-dialogs/CDVNotification.m"; sourceTree = "<group>"; fileEncoding = 4; lastKnownFileType = sourcecode.c.objc; explicitFileType = undefined; includeInIndex = 0; };
		3B403FF9572D4AD5A0A0B035 /* CDVNotification.h */ = {isa = PBXFileReference; name = "CDVNotification.h"; path = "cordova-plugin-dialogs/CDVNotification.h"; sourceTree = "<group>"; fileEncoding = 4; lastKnownFileType = sourcecode.c.h; explicitFileType = undefined; includeInIndex = 0; };
		4BB4E013C3F2450B9D391FE3 /* CDVNotification.bundle */ = {isa = PBXFileReference; name = "CDVNotification.bundle"; path = "CDVNotification.bundle"; sourceTree = "<group>"; fileEncoding = undefined; lastKnownFileType = wrapper.plug-in; explicitFileType = undefined; includeInIndex = 0; };
		71826C8FA4994A9AAF3AEED4 /* AudioToolbox.framework */ = {isa = PBXFileReference; name = "AudioToolbox.framework"; path = "System/Library/Frameworks/AudioToolbox.framework"; sourceTree = SDKROOT; fileEncoding = undefined; lastKnownFileType = wrapper.framework; explicitFileType = undefined; includeInIndex = 0; };
		D6BAEB91EDA0498586DD6D43 /* CDVFile.m */ = {isa = PBXFileReference; name = "CDVFile.m"; path = "cordova-plugin-file/CDVFile.m"; sourceTree = "<group>"; fileEncoding = 4; lastKnownFileType = sourcecode.c.objc; explicitFileType = undefined; includeInIndex = 0; };
		8DD53C893AAE430A8FA743DD /* CDVLocalFilesystem.m */ = {isa = PBXFileReference; name = "CDVLocalFilesystem.m"; path = "cordova-plugin-file/CDVLocalFilesystem.m"; sourceTree = "<group>"; fileEncoding = 4; lastKnownFileType = sourcecode.c.objc; explicitFileType = undefined; includeInIndex = 0; };
		AF7F6FD699F342B6B64C35E2 /* CDVAssetLibraryFilesystem.m */ = {isa = PBXFileReference; name = "CDVAssetLibraryFilesystem.m"; path = "cordova-plugin-file/CDVAssetLibraryFilesystem.m"; sourceTree = "<group>"; fileEncoding = 4; lastKnownFileType = sourcecode.c.objc; explicitFileType = undefined; includeInIndex = 0; };
		E5B6C7071CC447149D6CC8E4 /* CDVFile.h */ = {isa = PBXFileReference; name = "CDVFile.h"; path = "cordova-plugin-file/CDVFile.h"; sourceTree = "<group>"; fileEncoding = 4; lastKnownFileType = sourcecode.c.h; explicitFileType = undefined; includeInIndex = 0; };
		0D382CA753C049218C2D8751 /* CDVLocalFilesystem.h */ = {isa = PBXFileReference; name = "CDVLocalFilesystem.h"; path = "cordova-plugin-file/CDVLocalFilesystem.h"; sourceTree = "<group>"; fileEncoding = 4; lastKnownFileType = sourcecode.c.h; explicitFileType = undefined; includeInIndex = 0; };
		98EF5A5976A9463AA93A2C5D /* CDVAssetLibraryFilesystem.h */ = {isa = PBXFileReference; name = "CDVAssetLibraryFilesystem.h"; path = "cordova-plugin-file/CDVAssetLibraryFilesystem.h"; sourceTree = "<group>"; fileEncoding = 4; lastKnownFileType = sourcecode.c.h; explicitFileType = undefined; includeInIndex = 0; };
		7F97DFC5EB804B05853633AC /* CDVFileTransfer.m */ = {isa = PBXFileReference; name = "CDVFileTransfer.m"; path = "cordova-plugin-file-transfer/CDVFileTransfer.m"; sourceTree = "<group>"; fileEncoding = 4; lastKnownFileType = sourcecode.c.objc; explicitFileType = undefined; includeInIndex = 0; };
		3E05DAB80EB244B7B331AA0B /* CDVFileTransfer.h */ = {isa = PBXFileReference; name = "CDVFileTransfer.h"; path = "cordova-plugin-file-transfer/CDVFileTransfer.h"; sourceTree = "<group>"; fileEncoding = 4; lastKnownFileType = sourcecode.c.h; explicitFileType = undefined; includeInIndex = 0; };
		BBB0FBF620F1406C8C691832 /* CDVLocation.m */ = {isa = PBXFileReference; name = "CDVLocation.m"; path = "cordova-plugin-geolocation/CDVLocation.m"; sourceTree = "<group>"; fileEncoding = 4; lastKnownFileType = sourcecode.c.objc; explicitFileType = undefined; includeInIndex = 0; };
		E1D62AC94F8F4DBE8C38BBB7 /* CDVLocation.h */ = {isa = PBXFileReference; name = "CDVLocation.h"; path = "cordova-plugin-geolocation/CDVLocation.h"; sourceTree = "<group>"; fileEncoding = 4; lastKnownFileType = sourcecode.c.h; explicitFileType = undefined; includeInIndex = 0; };
		731D85F4409E437E9F897583 /* CDVGlobalization.m */ = {isa = PBXFileReference; name = "CDVGlobalization.m"; path = "cordova-plugin-globalization/CDVGlobalization.m"; sourceTree = "<group>"; fileEncoding = 4; lastKnownFileType = sourcecode.c.objc; explicitFileType = undefined; includeInIndex = 0; };
		152668E64AC240E4A42B22E4 /* CDVGlobalization.h */ = {isa = PBXFileReference; name = "CDVGlobalization.h"; path = "cordova-plugin-globalization/CDVGlobalization.h"; sourceTree = "<group>"; fileEncoding = 4; lastKnownFileType = sourcecode.c.h; explicitFileType = undefined; includeInIndex = 0; };
		CB595212E86B4FF6AF4CC059 /* CDVInAppBrowser.m */ = {isa = PBXFileReference; name = "CDVInAppBrowser.m"; path = "cordova-plugin-inappbrowser/CDVInAppBrowser.m"; sourceTree = "<group>"; fileEncoding = 4; lastKnownFileType = sourcecode.c.objc; explicitFileType = undefined; includeInIndex = 0; };
		B8B974709A3A41C8A951F694 /* CDVInAppBrowser.h */ = {isa = PBXFileReference; name = "CDVInAppBrowser.h"; path = "cordova-plugin-inappbrowser/CDVInAppBrowser.h"; sourceTree = "<group>"; fileEncoding = 4; lastKnownFileType = sourcecode.c.h; explicitFileType = undefined; includeInIndex = 0; };
		17F2B7FF899048A7A24BE17C /* CDVSound.m */ = {isa = PBXFileReference; name = "CDVSound.m"; path = "cordova-plugin-media/CDVSound.m"; sourceTree = "<group>"; fileEncoding = 4; lastKnownFileType = sourcecode.c.objc; explicitFileType = undefined; includeInIndex = 0; };
		74AE4593C07D4A48A024A3F2 /* CDVSound.h */ = {isa = PBXFileReference; name = "CDVSound.h"; path = "cordova-plugin-media/CDVSound.h"; sourceTree = "<group>"; fileEncoding = 4; lastKnownFileType = sourcecode.c.h; explicitFileType = undefined; includeInIndex = 0; };
		319F9657FDF841C0A173387C /* CDVCapture.m */ = {isa = PBXFileReference; name = "CDVCapture.m"; path = "cordova-plugin-media-capture/CDVCapture.m"; sourceTree = "<group>"; fileEncoding = 4; lastKnownFileType = sourcecode.c.objc; explicitFileType = undefined; includeInIndex = 0; };
		60BE07F6AF0E413780F153B4 /* CDVCapture.h */ = {isa = PBXFileReference; name = "CDVCapture.h"; path = "cordova-plugin-media-capture/CDVCapture.h"; sourceTree = "<group>"; fileEncoding = 4; lastKnownFileType = sourcecode.c.h; explicitFileType = undefined; includeInIndex = 0; };
		F3916526991042FD876316BE /* CDVCapture.bundle */ = {isa = PBXFileReference; name = "CDVCapture.bundle"; path = "CDVCapture.bundle"; sourceTree = "<group>"; fileEncoding = undefined; lastKnownFileType = wrapper.plug-in; explicitFileType = undefined; includeInIndex = 0; };
		3838D307667B443D9C201112 /* CDVConnection.m */ = {isa = PBXFileReference; name = "CDVConnection.m"; path = "cordova-plugin-network-information/CDVConnection.m"; sourceTree = "<group>"; fileEncoding = 4; lastKnownFileType = sourcecode.c.objc; explicitFileType = undefined; includeInIndex = 0; };
		439272FA0CED43D5B02DDE0D /* CDVReachability.m */ = {isa = PBXFileReference; name = "CDVReachability.m"; path = "cordova-plugin-network-information/CDVReachability.m"; sourceTree = "<group>"; fileEncoding = 4; lastKnownFileType = sourcecode.c.objc; explicitFileType = undefined; includeInIndex = 0; };
		8AD531F515964020B065F0C4 /* CDVConnection.h */ = {isa = PBXFileReference; name = "CDVConnection.h"; path = "cordova-plugin-network-information/CDVConnection.h"; sourceTree = "<group>"; fileEncoding = 4; lastKnownFileType = sourcecode.c.h; explicitFileType = undefined; includeInIndex = 0; };
		207819FDBA264D13808F39C5 /* CDVReachability.h */ = {isa = PBXFileReference; name = "CDVReachability.h"; path = "cordova-plugin-network-information/CDVReachability.h"; sourceTree = "<group>"; fileEncoding = 4; lastKnownFileType = sourcecode.c.h; explicitFileType = undefined; includeInIndex = 0; };
		AC470BF2ECA94CCB8BC99777 /* SystemConfiguration.framework */ = {isa = PBXFileReference; name = "SystemConfiguration.framework"; path = "System/Library/Frameworks/SystemConfiguration.framework"; sourceTree = SDKROOT; fileEncoding = undefined; lastKnownFileType = wrapper.framework; explicitFileType = undefined; includeInIndex = 0; };
		A29658D3E52946DB8788D7EC /* CoreTelephony.framework */ = {isa = PBXFileReference; name = "CoreTelephony.framework"; path = "System/Library/Frameworks/CoreTelephony.framework"; sourceTree = SDKROOT; fileEncoding = undefined; lastKnownFileType = wrapper.framework; explicitFileType = undefined; includeInIndex = 0; };
		970C220DF29E4265B6BE6A06 /* CDVSplashScreen.m */ = {isa = PBXFileReference; name = "CDVSplashScreen.m"; path = "cordova-plugin-splashscreen/CDVSplashScreen.m"; sourceTree = "<group>"; fileEncoding = 4; lastKnownFileType = sourcecode.c.objc; explicitFileType = undefined; includeInIndex = 0; };
		4FA06AEF4F09446BB3BC1BAE /* CDVViewController+SplashScreen.m */ = {isa = PBXFileReference; name = "CDVViewController+SplashScreen.m"; path = "cordova-plugin-splashscreen/CDVViewController+SplashScreen.m"; sourceTree = "<group>"; fileEncoding = 4; lastKnownFileType = sourcecode.c.objc; explicitFileType = undefined; includeInIndex = 0; };
		14C534ADFA814715AD5F9F22 /* CDVSplashScreen.h */ = {isa = PBXFileReference; name = "CDVSplashScreen.h"; path = "cordova-plugin-splashscreen/CDVSplashScreen.h"; sourceTree = "<group>"; fileEncoding = 4; lastKnownFileType = sourcecode.c.h; explicitFileType = undefined; includeInIndex = 0; };
		A878B721480B484A9F3A1ABF /* CDVViewController+SplashScreen.h */ = {isa = PBXFileReference; name = "CDVViewController+SplashScreen.h"; path = "cordova-plugin-splashscreen/CDVViewController+SplashScreen.h"; sourceTree = "<group>"; fileEncoding = 4; lastKnownFileType = sourcecode.c.h; explicitFileType = undefined; includeInIndex = 0; };
		3D2E215A472747C9A794073E /* CDVStatusBar.m */ = {isa = PBXFileReference; name = "CDVStatusBar.m"; path = "cordova-plugin-statusbar/CDVStatusBar.m"; sourceTree = "<group>"; fileEncoding = 4; lastKnownFileType = sourcecode.c.objc; explicitFileType = undefined; includeInIndex = 0; };
		637B161A2A7B46059D15001A /* CDVStatusBar.h */ = {isa = PBXFileReference; name = "CDVStatusBar.h"; path = "cordova-plugin-statusbar/CDVStatusBar.h"; sourceTree = "<group>"; fileEncoding = 4; lastKnownFileType = sourcecode.c.h; explicitFileType = undefined; includeInIndex = 0; };
		5CD6C11D023A4EB6AC427EE5 /* CDVVibration.m */ = {isa = PBXFileReference; name = "CDVVibration.m"; path = "cordova-plugin-vibration/CDVVibration.m"; sourceTree = "<group>"; fileEncoding = 4; lastKnownFileType = sourcecode.c.objc; explicitFileType = undefined; includeInIndex = 0; };
		F98B546E70CB4CE387B25507 /* CDVVibration.h */ = {isa = PBXFileReference; name = "CDVVibration.h"; path = "cordova-plugin-vibration/CDVVibration.h"; sourceTree = "<group>"; fileEncoding = 4; lastKnownFileType = sourcecode.c.h; explicitFileType = undefined; includeInIndex = 0; };
		EBEBA2F3F8C443B990C012FF /* SQLitePlugin.m */ = {isa = PBXFileReference; name = "SQLitePlugin.m"; path = "cordova-sqlite-storage/SQLitePlugin.m"; sourceTree = "<group>"; fileEncoding = 4; lastKnownFileType = sourcecode.c.objc; explicitFileType = undefined; includeInIndex = 0; };
		7489F84E971E4234A2CA6C70 /* sqlite3.c */ = {isa = PBXFileReference; name = "sqlite3.c"; path = "cordova-sqlite-storage/sqlite3.c"; sourceTree = "<group>"; fileEncoding = undefined; lastKnownFileType = unknown; explicitFileType = undefined; includeInIndex = 0; };
		8095F39E257849A0821718A5 /* SQLitePlugin.h */ = {isa = PBXFileReference; name = "SQLitePlugin.h"; path = "cordova-sqlite-storage/SQLitePlugin.h"; sourceTree = "<group>"; fileEncoding = 4; lastKnownFileType = sourcecode.c.h; explicitFileType = undefined; includeInIndex = 0; };
		B06F81957368491C93FC0969 /* sqlite3.h */ = {isa = PBXFileReference; name = "sqlite3.h"; path = "cordova-sqlite-storage/sqlite3.h"; sourceTree = "<group>"; fileEncoding = 4; lastKnownFileType = sourcecode.c.h; explicitFileType = undefined; includeInIndex = 0; };
		4BC468ACE0994C54A5BFF78D /* CoreBluetooth.framework */ = {isa = PBXFileReference; name = "CoreBluetooth.framework"; path = "System/Library/Frameworks/CoreBluetooth.framework"; sourceTree = SDKROOT; fileEncoding = undefined; lastKnownFileType = wrapper.framework; explicitFileType = undefined; includeInIndex = 0; };
		A1A6A1FD5756455D94C3CF2D /* MessageUI.framework */ = {isa = PBXFileReference; name = "MessageUI.framework"; path = "System/Library/Frameworks/MessageUI.framework"; sourceTree = SDKROOT; fileEncoding = undefined; lastKnownFileType = wrapper.framework; explicitFileType = undefined; includeInIndex = 0; };
		8D0C3856EEFC4875A6D95487 /* libz.dylib */ = {isa = PBXFileReference; name = "libz.dylib"; path = "usr/lib/libz.dylib"; sourceTree = SDKROOT; fileEncoding = undefined; lastKnownFileType = compiled.mach-o.dylib; explicitFileType = undefined; includeInIndex = 0; };
		F5F1237F9B8A426DAA84AA4A /* CDVLocationManager.m */ = {isa = PBXFileReference; name = "CDVLocationManager.m"; path = "com.unarin.cordova.beacon/CDVLocationManager.m"; sourceTree = "<group>"; fileEncoding = 4; lastKnownFileType = sourcecode.c.objc; explicitFileType = undefined; includeInIndex = 0; };
		74C20EE8BCA54F9793B437F3 /* AppDelegate+CDVLocationManager.m */ = {isa = PBXFileReference; name = "AppDelegate+CDVLocationManager.m"; path = "com.unarin.cordova.beacon/AppDelegate+CDVLocationManager.m"; sourceTree = "<group>"; fileEncoding = 4; lastKnownFileType = sourcecode.c.objc; explicitFileType = undefined; includeInIndex = 0; };
		50528F8C4C3146709AB9FEA3 /* LMLogger.m */ = {isa = PBXFileReference; name = "LMLogger.m"; path = "com.unarin.cordova.beacon/LMLogger.m"; sourceTree = "<group>"; fileEncoding = 4; lastKnownFileType = sourcecode.c.objc; explicitFileType = undefined; includeInIndex = 0; };
		BF2832127A2B4382B3A823A6 /* CDVLocationManager.h */ = {isa = PBXFileReference; name = "CDVLocationManager.h"; path = "com.unarin.cordova.beacon/CDVLocationManager.h"; sourceTree = "<group>"; fileEncoding = 4; lastKnownFileType = sourcecode.c.h; explicitFileType = undefined; includeInIndex = 0; };
		1708DDFCA7F54A219126609E /* AppDelegate+CDVLocationManager.h */ = {isa = PBXFileReference; name = "AppDelegate+CDVLocationManager.h"; path = "com.unarin.cordova.beacon/AppDelegate+CDVLocationManager.h"; sourceTree = "<group>"; fileEncoding = 4; lastKnownFileType = sourcecode.c.h; explicitFileType = undefined; includeInIndex = 0; };
		1B80C9621B2A45EA872B43BB /* LMLogger.h */ = {isa = PBXFileReference; name = "LMLogger.h"; path = "com.unarin.cordova.beacon/LMLogger.h"; sourceTree = "<group>"; fileEncoding = 4; lastKnownFileType = sourcecode.c.h; explicitFileType = undefined; includeInIndex = 0; };
		94122A6573854B36A5282B69 /* APPLocalNotification.m */ = {isa = PBXFileReference; name = "APPLocalNotification.m"; path = "de.appplant.cordova.plugin.local-notification/APPLocalNotification.m"; sourceTree = "<group>"; fileEncoding = 4; lastKnownFileType = sourcecode.c.objc; explicitFileType = undefined; includeInIndex = 0; };
		AC6FF1C2DA804AC0BF9C8C1C /* APPLocalNotificationOptions.m */ = {isa = PBXFileReference; name = "APPLocalNotificationOptions.m"; path = "de.appplant.cordova.plugin.local-notification/APPLocalNotificationOptions.m"; sourceTree = "<group>"; fileEncoding = 4; lastKnownFileType = sourcecode.c.objc; explicitFileType = undefined; includeInIndex = 0; };
		527F8202737146F4AAE6EAED /* UIApplication+APPLocalNotification.m */ = {isa = PBXFileReference; name = "UIApplication+APPLocalNotification.m"; path = "de.appplant.cordova.plugin.local-notification/UIApplication+APPLocalNotification.m"; sourceTree = "<group>"; fileEncoding = 4; lastKnownFileType = sourcecode.c.objc; explicitFileType = undefined; includeInIndex = 0; };
		2199C30CA27041E8A893EC92 /* UILocalNotification+APPLocalNotification.m */ = {isa = PBXFileReference; name = "UILocalNotification+APPLocalNotification.m"; path = "de.appplant.cordova.plugin.local-notification/UILocalNotification+APPLocalNotification.m"; sourceTree = "<group>"; fileEncoding = 4; lastKnownFileType = sourcecode.c.objc; explicitFileType = undefined; includeInIndex = 0; };
		450DB84DFCCB4E13816F1ACB /* APPLocalNotification.h */ = {isa = PBXFileReference; name = "APPLocalNotification.h"; path = "de.appplant.cordova.plugin.local-notification/APPLocalNotification.h"; sourceTree = "<group>"; fileEncoding = 4; lastKnownFileType = sourcecode.c.h; explicitFileType = undefined; includeInIndex = 0; };
		DB3E952E55E44986A3935152 /* APPLocalNotificationOptions.h */ = {isa = PBXFileReference; name = "APPLocalNotificationOptions.h"; path = "de.appplant.cordova.plugin.local-notification/APPLocalNotificationOptions.h"; sourceTree = "<group>"; fileEncoding = 4; lastKnownFileType = sourcecode.c.h; explicitFileType = undefined; includeInIndex = 0; };
		FAEFDC25B7584A3AA4632E01 /* UIApplication+APPLocalNotification.h */ = {isa = PBXFileReference; name = "UIApplication+APPLocalNotification.h"; path = "de.appplant.cordova.plugin.local-notification/UIApplication+APPLocalNotification.h"; sourceTree = "<group>"; fileEncoding = 4; lastKnownFileType = sourcecode.c.h; explicitFileType = undefined; includeInIndex = 0; };
		3EB2097A67AC4B9FBC7F6A49 /* UILocalNotification+APPLocalNotification.h */ = {isa = PBXFileReference; name = "UILocalNotification+APPLocalNotification.h"; path = "de.appplant.cordova.plugin.local-notification/UILocalNotification+APPLocalNotification.h"; sourceTree = "<group>"; fileEncoding = 4; lastKnownFileType = sourcecode.c.h; explicitFileType = undefined; includeInIndex = 0; };
		CF9D5BAB08364B059B060C45 /* APPEmailComposer.m */ = {isa = PBXFileReference; name = "APPEmailComposer.m"; path = "cordova-plugin-email-composer/APPEmailComposer.m"; sourceTree = "<group>"; fileEncoding = 4; lastKnownFileType = sourcecode.c.objc; explicitFileType = undefined; includeInIndex = 0; };
		C0D430D7C3A74B8EBB5C14F2 /* APPEmailComposerImpl.m */ = {isa = PBXFileReference; name = "APPEmailComposerImpl.m"; path = "cordova-plugin-email-composer/APPEmailComposerImpl.m"; sourceTree = "<group>"; fileEncoding = 4; lastKnownFileType = sourcecode.c.objc; explicitFileType = undefined; includeInIndex = 0; };
		3C3C96292BA84E1387407FFD /* APPEmailComposer.h */ = {isa = PBXFileReference; name = "APPEmailComposer.h"; path = "cordova-plugin-email-composer/APPEmailComposer.h"; sourceTree = "<group>"; fileEncoding = 4; lastKnownFileType = sourcecode.c.h; explicitFileType = undefined; includeInIndex = 0; };
		AF8AE6DDC29A47F7BBCF38EE /* APPEmailComposerImpl.h */ = {isa = PBXFileReference; name = "APPEmailComposerImpl.h"; path = "cordova-plugin-email-composer/APPEmailComposerImpl.h"; sourceTree = "<group>"; fileEncoding = 4; lastKnownFileType = sourcecode.c.h; explicitFileType = undefined; includeInIndex = 0; };
		EE382B5C1CCA4992B78E1129 /* DatePicker.m */ = {isa = PBXFileReference; name = "DatePicker.m"; path = "cordova-plugin-datepicker/DatePicker.m"; sourceTree = "<group>"; fileEncoding = 4; lastKnownFileType = sourcecode.c.objc; explicitFileType = undefined; includeInIndex = 0; };
		BDF4F1AD8A294F0CB07644F9 /* DatePicker.h */ = {isa = PBXFileReference; name = "DatePicker.h"; path = "cordova-plugin-datepicker/DatePicker.h"; sourceTree = "<group>"; fileEncoding = 4; lastKnownFileType = sourcecode.c.h; explicitFileType = undefined; includeInIndex = 0; };
		A676721A341F45D3B2688F8E /* DatePicker.xib */ = {isa = PBXFileReference; name = "DatePicker.xib"; path = "DatePicker.xib"; sourceTree = "<group>"; fileEncoding = undefined; lastKnownFileType = file.xib; explicitFileType = undefined; includeInIndex = 0; };
		A9C4B29D4E3E49FC8593FF77 /* ZipPlugin.m */ = {isa = PBXFileReference; name = "ZipPlugin.m"; path = "cordova-plugin-zip/ZipPlugin.m"; sourceTree = "<group>"; fileEncoding = 4; lastKnownFileType = sourcecode.c.objc; explicitFileType = undefined; includeInIndex = 0; };
		7AB427A82C8747A188D4BE6B /* aescrypt.c */ = {isa = PBXFileReference; name = "aescrypt.c"; path = "cordova-plugin-zip/Plugins/aes/aescrypt.c"; sourceTree = "<group>"; fileEncoding = undefined; lastKnownFileType = unknown; explicitFileType = undefined; includeInIndex = 0; };
		DA4DEB9DB43D4072BB1837F6 /* aeskey.c */ = {isa = PBXFileReference; name = "aeskey.c"; path = "cordova-plugin-zip/Plugins/aes/aeskey.c"; sourceTree = "<group>"; fileEncoding = undefined; lastKnownFileType = unknown; explicitFileType = undefined; includeInIndex = 0; };
		1FFB09162AB7446D94CBBFB8 /* aestab.c */ = {isa = PBXFileReference; name = "aestab.c"; path = "cordova-plugin-zip/Plugins/aes/aestab.c"; sourceTree = "<group>"; fileEncoding = undefined; lastKnownFileType = unknown; explicitFileType = undefined; includeInIndex = 0; };
		DC56FF92587943C4A97A8B08 /* entropy.c */ = {isa = PBXFileReference; name = "entropy.c"; path = "cordova-plugin-zip/Plugins/aes/entropy.c"; sourceTree = "<group>"; fileEncoding = undefined; lastKnownFileType = unknown; explicitFileType = undefined; includeInIndex = 0; };
		CA3CD401C6EB416ABA9ED258 /* fileenc.c */ = {isa = PBXFileReference; name = "fileenc.c"; path = "cordova-plugin-zip/Plugins/aes/fileenc.c"; sourceTree = "<group>"; fileEncoding = undefined; lastKnownFileType = unknown; explicitFileType = undefined; includeInIndex = 0; };
		4F2D95CD35174E5A85F368E5 /* hmac.c */ = {isa = PBXFileReference; name = "hmac.c"; path = "cordova-plugin-zip/Plugins/aes/hmac.c"; sourceTree = "<group>"; fileEncoding = undefined; lastKnownFileType = unknown; explicitFileType = undefined; includeInIndex = 0; };
		0ADB6D1BE7414B39B7BA33D7 /* prng.c */ = {isa = PBXFileReference; name = "prng.c"; path = "cordova-plugin-zip/Plugins/aes/prng.c"; sourceTree = "<group>"; fileEncoding = undefined; lastKnownFileType = unknown; explicitFileType = undefined; includeInIndex = 0; };
		63819990084441C497BDE950 /* pwd2key.c */ = {isa = PBXFileReference; name = "pwd2key.c"; path = "cordova-plugin-zip/Plugins/aes/pwd2key.c"; sourceTree = "<group>"; fileEncoding = undefined; lastKnownFileType = unknown; explicitFileType = undefined; includeInIndex = 0; };
		27051FB7645C4BC9BBE0889B /* sha1.c */ = {isa = PBXFileReference; name = "sha1.c"; path = "cordova-plugin-zip/Plugins/aes/sha1.c"; sourceTree = "<group>"; fileEncoding = undefined; lastKnownFileType = unknown; explicitFileType = undefined; includeInIndex = 0; };
		C05082E6EEB442DC8D53D46B /* SSZipArchive.m */ = {isa = PBXFileReference; name = "SSZipArchive.m"; path = "cordova-plugin-zip/Plugins/minizip/SSZipArchive.m"; sourceTree = "<group>"; fileEncoding = 4; lastKnownFileType = sourcecode.c.objc; explicitFileType = undefined; includeInIndex = 0; };
		8E385104EF5244138BB9DD58 /* zip.c */ = {isa = PBXFileReference; name = "zip.c"; path = "cordova-plugin-zip/Plugins/minizip/zip.c"; sourceTree = "<group>"; fileEncoding = undefined; lastKnownFileType = unknown; explicitFileType = undefined; includeInIndex = 0; };
		46DF11AF9BBA45F6A7A40B64 /* unzip.c */ = {isa = PBXFileReference; name = "unzip.c"; path = "cordova-plugin-zip/Plugins/minizip/unzip.c"; sourceTree = "<group>"; fileEncoding = undefined; lastKnownFileType = unknown; explicitFileType = undefined; includeInIndex = 0; };
		E91BE4892C8F4207BA1FB06B /* mztools.c */ = {isa = PBXFileReference; name = "mztools.c"; path = "cordova-plugin-zip/Plugins/minizip/mztools.c"; sourceTree = "<group>"; fileEncoding = undefined; lastKnownFileType = unknown; explicitFileType = undefined; includeInIndex = 0; };
		F17DAA2971E54366B8D9C0BB /* ioapi.c */ = {isa = PBXFileReference; name = "ioapi.c"; path = "cordova-plugin-zip/Plugins/minizip/ioapi.c"; sourceTree = "<group>"; fileEncoding = undefined; lastKnownFileType = unknown; explicitFileType = undefined; includeInIndex = 0; };
		355EBDEB3FD643F5B78A69AD /* ZipPlugin.h */ = {isa = PBXFileReference; name = "ZipPlugin.h"; path = "cordova-plugin-zip/ZipPlugin.h"; sourceTree = "<group>"; fileEncoding = 4; lastKnownFileType = sourcecode.c.h; explicitFileType = undefined; includeInIndex = 0; };
		FC6D2EAAFE454724B39BC43E /* Common.h */ = {isa = PBXFileReference; name = "Common.h"; path = "cordova-plugin-zip/Common.h"; sourceTree = "<group>"; fileEncoding = 4; lastKnownFileType = sourcecode.c.h; explicitFileType = undefined; includeInIndex = 0; };
		05E16BFD61A74A94BD8D3223 /* aes.h */ = {isa = PBXFileReference; name = "aes.h"; path = "cordova-plugin-zip/Plugins/aes/aes.h"; sourceTree = "<group>"; fileEncoding = 4; lastKnownFileType = sourcecode.c.h; explicitFileType = undefined; includeInIndex = 0; };
		6C515938C3A84A4AB6784C34 /* aes_via_ace.h */ = {isa = PBXFileReference; name = "aes_via_ace.h"; path = "cordova-plugin-zip/Plugins/aes/aes_via_ace.h"; sourceTree = "<group>"; fileEncoding = 4; lastKnownFileType = sourcecode.c.h; explicitFileType = undefined; includeInIndex = 0; };
		D18CEB8AFBBB4A8FA111D8AE /* aesopt.h */ = {isa = PBXFileReference; name = "aesopt.h"; path = "cordova-plugin-zip/Plugins/aes/aesopt.h"; sourceTree = "<group>"; fileEncoding = 4; lastKnownFileType = sourcecode.c.h; explicitFileType = undefined; includeInIndex = 0; };
		5EC1768614864D349F12724E /* aestab.h */ = {isa = PBXFileReference; name = "aestab.h"; path = "cordova-plugin-zip/Plugins/aes/aestab.h"; sourceTree = "<group>"; fileEncoding = 4; lastKnownFileType = sourcecode.c.h; explicitFileType = undefined; includeInIndex = 0; };
		19B3EFEB2E924921A73DE554 /* brg_endian.h */ = {isa = PBXFileReference; name = "brg_endian.h"; path = "cordova-plugin-zip/Plugins/aes/brg_endian.h"; sourceTree = "<group>"; fileEncoding = 4; lastKnownFileType = sourcecode.c.h; explicitFileType = undefined; includeInIndex = 0; };
		70B303F0DB2F49C6A9FE5EA1 /* brg_types.h */ = {isa = PBXFileReference; name = "brg_types.h"; path = "cordova-plugin-zip/Plugins/aes/brg_types.h"; sourceTree = "<group>"; fileEncoding = 4; lastKnownFileType = sourcecode.c.h; explicitFileType = undefined; includeInIndex = 0; };
		7B6017072F1348459C215AE1 /* entropy.h */ = {isa = PBXFileReference; name = "entropy.h"; path = "cordova-plugin-zip/Plugins/aes/entropy.h"; sourceTree = "<group>"; fileEncoding = 4; lastKnownFileType = sourcecode.c.h; explicitFileType = undefined; includeInIndex = 0; };
		5A4430DF3EF34FB8BB819225 /* fileenc.h */ = {isa = PBXFileReference; name = "fileenc.h"; path = "cordova-plugin-zip/Plugins/aes/fileenc.h"; sourceTree = "<group>"; fileEncoding = 4; lastKnownFileType = sourcecode.c.h; explicitFileType = undefined; includeInIndex = 0; };
		657D3F1AD4B44617851F58A6 /* hmac.h */ = {isa = PBXFileReference; name = "hmac.h"; path = "cordova-plugin-zip/Plugins/aes/hmac.h"; sourceTree = "<group>"; fileEncoding = 4; lastKnownFileType = sourcecode.c.h; explicitFileType = undefined; includeInIndex = 0; };
		B25E077743744425A5558728 /* prng.h */ = {isa = PBXFileReference; name = "prng.h"; path = "cordova-plugin-zip/Plugins/aes/prng.h"; sourceTree = "<group>"; fileEncoding = 4; lastKnownFileType = sourcecode.c.h; explicitFileType = undefined; includeInIndex = 0; };
		97FC90B4FD984E0180CD3B0C /* pwd2key.h */ = {isa = PBXFileReference; name = "pwd2key.h"; path = "cordova-plugin-zip/Plugins/aes/pwd2key.h"; sourceTree = "<group>"; fileEncoding = 4; lastKnownFileType = sourcecode.c.h; explicitFileType = undefined; includeInIndex = 0; };
		6CE43614C91A4410BD9B12B2 /* sha1.h */ = {isa = PBXFileReference; name = "sha1.h"; path = "cordova-plugin-zip/Plugins/aes/sha1.h"; sourceTree = "<group>"; fileEncoding = 4; lastKnownFileType = sourcecode.c.h; explicitFileType = undefined; includeInIndex = 0; };
		F527D54206F04D7EBFABFFC0 /* SSZipArchive.h */ = {isa = PBXFileReference; name = "SSZipArchive.h"; path = "cordova-plugin-zip/Plugins/minizip/SSZipArchive.h"; sourceTree = "<group>"; fileEncoding = 4; lastKnownFileType = sourcecode.c.h; explicitFileType = undefined; includeInIndex = 0; };
		907B04E359064E0CA2038CBD /* zip.h */ = {isa = PBXFileReference; name = "zip.h"; path = "cordova-plugin-zip/Plugins/minizip/zip.h"; sourceTree = "<group>"; fileEncoding = 4; lastKnownFileType = sourcecode.c.h; explicitFileType = undefined; includeInIndex = 0; };
		C64A198F633248CC8C1F9C65 /* unzip.h */ = {isa = PBXFileReference; name = "unzip.h"; path = "cordova-plugin-zip/Plugins/minizip/unzip.h"; sourceTree = "<group>"; fileEncoding = 4; lastKnownFileType = sourcecode.c.h; explicitFileType = undefined; includeInIndex = 0; };
		A7DD4009D8FA4CD8A53FFBB2 /* mztools.h */ = {isa = PBXFileReference; name = "mztools.h"; path = "cordova-plugin-zip/Plugins/minizip/mztools.h"; sourceTree = "<group>"; fileEncoding = 4; lastKnownFileType = sourcecode.c.h; explicitFileType = undefined; includeInIndex = 0; };
		3B9370D29F374709933E3E00 /* ioapi.h */ = {isa = PBXFileReference; name = "ioapi.h"; path = "cordova-plugin-zip/Plugins/minizip/ioapi.h"; sourceTree = "<group>"; fileEncoding = 4; lastKnownFileType = sourcecode.c.h; explicitFileType = undefined; includeInIndex = 0; };
		0FF6ADBE5AEB46268264DFFF /* crypt.h */ = {isa = PBXFileReference; name = "crypt.h"; path = "cordova-plugin-zip/Plugins/minizip/crypt.h"; sourceTree = "<group>"; fileEncoding = 4; lastKnownFileType = sourcecode.c.h; explicitFileType = undefined; includeInIndex = 0; };
		330B023195D94545BFCE1A2F /* APPBackgroundMode.m */ = {isa = PBXFileReference; name = "APPBackgroundMode.m"; path = "cordova-plugin-background-mode/APPBackgroundMode.m"; sourceTree = "<group>"; fileEncoding = 4; lastKnownFileType = sourcecode.c.objc; explicitFileType = undefined; includeInIndex = 0; };
		E2A11F70C43F48C281DA915D /* APPBackgroundMode.h */ = {isa = PBXFileReference; name = "APPBackgroundMode.h"; path = "cordova-plugin-background-mode/APPBackgroundMode.h"; sourceTree = "<group>"; fileEncoding = 4; lastKnownFileType = sourcecode.c.h; explicitFileType = undefined; includeInIndex = 0; };
		858164E09E7B437CAB32081F /* appbeep.wav */ = {isa = PBXFileReference; name = "appbeep.wav"; path = "appbeep.wav"; sourceTree = "<group>"; fileEncoding = undefined; lastKnownFileType = unknown; explicitFileType = undefined; includeInIndex = 0; };
		1A2706F1B9F647B4ADC6BADC /* BackgroundDownload.m */ = {isa = PBXFileReference; name = "BackgroundDownload.m"; path = "cordova-plugin-background-download/BackgroundDownload.m"; sourceTree = "<group>"; fileEncoding = 4; lastKnownFileType = sourcecode.c.objc; explicitFileType = undefined; includeInIndex = 0; };
		D69E71856FFC45FC91445C20 /* BackgroundDownload.h */ = {isa = PBXFileReference; name = "BackgroundDownload.h"; path = "cordova-plugin-background-download/BackgroundDownload.h"; sourceTree = "<group>"; fileEncoding = 4; lastKnownFileType = sourcecode.c.h; explicitFileType = undefined; includeInIndex = 0; };
		7A6909AD3F754E1B89B61D2A /* AppDelegate+APPAppEvent.m */ = {isa = PBXFileReference; name = "AppDelegate+APPAppEvent.m"; path = "cordova-plugin-app-event/AppDelegate+APPAppEvent.m"; sourceTree = "<group>"; fileEncoding = 4; lastKnownFileType = sourcecode.c.objc; explicitFileType = undefined; includeInIndex = 0; };
		E49B6C52CABA401ABBBD4CE7 /* CDVPlugin+APPAppEvent.m */ = {isa = PBXFileReference; name = "CDVPlugin+APPAppEvent.m"; path = "cordova-plugin-app-event/CDVPlugin+APPAppEvent.m"; sourceTree = "<group>"; fileEncoding = 4; lastKnownFileType = sourcecode.c.objc; explicitFileType = undefined; includeInIndex = 0; };
		D1BD0AFCA3BD4E038EA2D024 /* AppDelegate+APPAppEvent.h */ = {isa = PBXFileReference; name = "AppDelegate+APPAppEvent.h"; path = "cordova-plugin-app-event/AppDelegate+APPAppEvent.h"; sourceTree = "<group>"; fileEncoding = 4; lastKnownFileType = sourcecode.c.h; explicitFileType = undefined; includeInIndex = 0; };
		FB926636743E46E6A32E14F6 /* CDVPlugin+APPAppEvent.h */ = {isa = PBXFileReference; name = "CDVPlugin+APPAppEvent.h"; path = "cordova-plugin-app-event/CDVPlugin+APPAppEvent.h"; sourceTree = "<group>"; fileEncoding = 4; lastKnownFileType = sourcecode.c.h; explicitFileType = undefined; includeInIndex = 0; };
		8547394527104C2DA131A724 /* APPAppEventDelegate.h */ = {isa = PBXFileReference; name = "APPAppEventDelegate.h"; path = "cordova-plugin-app-event/APPAppEventDelegate.h"; sourceTree = "<group>"; fileEncoding = 4; lastKnownFileType = sourcecode.c.h; explicitFileType = undefined; includeInIndex = 0; };
		3E462975AAC54889A4AB1B59 /* CDVBarcodeScanner.mm */ = {isa = PBXFileReference; name = "CDVBarcodeScanner.mm"; path = "cordova-plugin-barcodescanner/CDVBarcodeScanner.mm"; sourceTree = "<group>"; fileEncoding = undefined; lastKnownFileType = unknown; explicitFileType = undefined; includeInIndex = 0; };
		C180D03736694827A62D6127 /* zxing-all-in-one.cpp */ = {isa = PBXFileReference; name = "zxing-all-in-one.cpp"; path = "cordova-plugin-barcodescanner/zxing-all-in-one.cpp"; sourceTree = "<group>"; fileEncoding = undefined; lastKnownFileType = unknown; explicitFileType = undefined; includeInIndex = 0; };
		7340334A781C4CDABF10CBD7 /* zxing-all-in-one.h */ = {isa = PBXFileReference; name = "zxing-all-in-one.h"; path = "cordova-plugin-barcodescanner/zxing-all-in-one.h"; sourceTree = "<group>"; fileEncoding = 4; lastKnownFileType = sourcecode.c.h; explicitFileType = undefined; includeInIndex = 0; };
		3A84178082CA495CB903D824 /* scannerOverlay.xib */ = {isa = PBXFileReference; name = "scannerOverlay.xib"; path = "scannerOverlay.xib"; sourceTree = "<group>"; fileEncoding = undefined; lastKnownFileType = file.xib; explicitFileType = undefined; includeInIndex = 0; };
		45D0E272022142EEA422B316 /* libiconv.dylib */ = {isa = PBXFileReference; name = "libiconv.dylib"; path = "usr/lib/libiconv.dylib"; sourceTree = SDKROOT; fileEncoding = undefined; lastKnownFileType = compiled.mach-o.dylib; explicitFileType = undefined; includeInIndex = 0; };
		E9476C3014A64A9086D73FA5 /* CoreVideo.framework */ = {isa = PBXFileReference; name = "CoreVideo.framework"; path = "System/Library/Frameworks/CoreVideo.framework"; sourceTree = SDKROOT; fileEncoding = undefined; lastKnownFileType = wrapper.framework; explicitFileType = undefined; includeInIndex = 0; };
		E44E89BDB6864933933262AC /* QuartzCore.framework */ = {isa = PBXFileReference; name = "QuartzCore.framework"; path = "System/Library/Frameworks/QuartzCore.framework"; sourceTree = SDKROOT; fileEncoding = undefined; lastKnownFileType = wrapper.framework; explicitFileType = undefined; includeInIndex = 0; };
		0AA461A949054F45BF7015BF /* CDVBarcodeScanner.mm */ = {isa = PBXFileReference; name = "CDVBarcodeScanner.mm"; path = "phonegap-plugin-barcodescanner/CDVBarcodeScanner.mm"; sourceTree = "<group>"; fileEncoding = undefined; lastKnownFileType = unknown; explicitFileType = undefined; includeInIndex = 0; };
		21895D8E35B24FEBADC17EDF /* zxing-all-in-one.cpp */ = {isa = PBXFileReference; name = "zxing-all-in-one.cpp"; path = "phonegap-plugin-barcodescanner/zxing-all-in-one.cpp"; sourceTree = "<group>"; fileEncoding = undefined; lastKnownFileType = unknown; explicitFileType = undefined; includeInIndex = 0; };
		D66F088D03BF42B48673A153 /* zxing-all-in-one.h */ = {isa = PBXFileReference; name = "zxing-all-in-one.h"; path = "phonegap-plugin-barcodescanner/zxing-all-in-one.h"; sourceTree = "<group>"; fileEncoding = 4; lastKnownFileType = sourcecode.c.h; explicitFileType = undefined; includeInIndex = 0; };
		9C3D8BC547C64B75A30216B2 /* scannerOverlay.xib */ = {isa = PBXFileReference; name = "scannerOverlay.xib"; path = "scannerOverlay.xib"; sourceTree = "<group>"; fileEncoding = undefined; lastKnownFileType = file.xib; explicitFileType = undefined; includeInIndex = 0; };
		2D8FA71C11454E2DBE538F9B /* CDVBarcodeScanner.bundle */ = {isa = PBXFileReference; name = "CDVBarcodeScanner.bundle"; path = "CDVBarcodeScanner.bundle"; sourceTree = "<group>"; fileEncoding = undefined; lastKnownFileType = wrapper.plug-in; explicitFileType = undefined; includeInIndex = 0; };
		8EEF0CD45E8A4B45B99D12E7 /* CoreImage.framework */ = {isa = PBXFileReference; name = "CoreImage.framework"; path = "System/Library/Frameworks/CoreImage.framework"; sourceTree = SDKROOT; fileEncoding = undefined; lastKnownFileType = wrapper.framework; explicitFileType = undefined; includeInIndex = 0; };
/* End PBXFileReference section */

/* Begin PBXFrameworksBuildPhase section */
		1D60588F0D05DD3D006BFB54 /* Frameworks */ = {
			isa = PBXFrameworksBuildPhase;
			buildActionMask = 2147483647;
			files = (
				301BF552109A68D80062928A /* libCordova.a in Frameworks */,
				017585C9C3DC4E0DB23A2852 /* ImageIO.framework in Frameworks */,
				684AC6AE1C6B4DBF809B4416 /* CoreLocation.framework in Frameworks */,
				6E882FA2E9964FBBBB3D4FBB /* AVFoundation.framework in Frameworks */,
				912EF99942CE4FFBB6247A72 /* AddressBook.framework in Frameworks */,
				CEFC5BD20DF849638C78D33F /* AddressBookUI.framework in Frameworks */,
				4DA884DF6AB3445FBF01318B /* CoreMotion.framework in Frameworks */,
				8A104167292C42C6B26819BF /* AudioToolbox.framework in Frameworks */,
				A51B2FBF5FCD427EB40C9C01 /* SystemConfiguration.framework in Frameworks */,
				023F1D7DC5A643AB8E0229DC /* CoreTelephony.framework in Frameworks */,
				8DB7C1B583154257942D87E8 /* CoreBluetooth.framework in Frameworks */,
				4B9E32443CE541369FE4F205 /* MessageUI.framework in Frameworks */,
				2D2ED4FE964F4051B23A74F0 /* libz.dylib in Frameworks */,
				CF2085AAC8784385A0A0DCB7 /* libiconv.dylib in Frameworks */,
				AFC16D35C11444FEAEEB2E9E /* CoreVideo.framework in Frameworks */,
				2E1F70EE0F7B4815AB0D4D25 /* QuartzCore.framework in Frameworks */,
				A8EF814FC48642BF93DFA20B /* CoreImage.framework in Frameworks */,
			);
			runOnlyForDeploymentPostprocessing = 0;
		};
/* End PBXFrameworksBuildPhase section */

/* Begin PBXGroup section */
		080E96DDFE201D6D7F000001 /* Classes */ = {
			isa = PBXGroup;
			children = (
				302D95EE14D2391D003F00A1 /* MainViewController.h */,
				302D95EF14D2391D003F00A1 /* MainViewController.m */,
				302D95F014D2391D003F00A1 /* MainViewController.xib */,
				1D3623240D0F684500981E51 /* AppDelegate.h */,
				1D3623250D0F684500981E51 /* AppDelegate.m */,
			);
			name = Classes;
			path = "MyStudy/Classes";
			sourceTree = SOURCE_ROOT;
		};
		19C28FACFE9D520D11CA2CBB /* Products */ = {
			isa = PBXGroup;
			children = (
				1D6058910D05DD3D006BFB54 /* MyStudy.app */,
			);
			name = Products;
			sourceTree = "<group>";
		};
		29B97314FDCFA39411CA2CEA /* CustomTemplate */ = {
			isa = PBXGroup;
			children = (
				EB87FDF41871DAF40020F90C /* config.xml */,
				EB87FDF31871DA8E0020F90C /* www */,
				EB87FDF11871DA420020F90C /* Staging */,
				301BF52D109A57CC0062928A /* CordovaLib.xcodeproj */,
				080E96DDFE201D6D7F000001 /* Classes */,
				307C750510C5A3420062BCA9 /* Plugins */,
				29B97315FDCFA39411CA2CEA /* Other Sources */,
				29B97317FDCFA39411CA2CEA /* Resources */,
				29B97323FDCFA39411CA2CEA /* Frameworks */,
				19C28FACFE9D520D11CA2CBB /* Products */,
			);
			name = CustomTemplate;
			sourceTree = "<group>";
		};
		29B97315FDCFA39411CA2CEA /* Other Sources */ = {
			isa = PBXGroup;
			children = (
				32CA4F630368D1EE00C91783 /* MyStudy-Prefix.pch */,
				29B97316FDCFA39411CA2CEA /* main.m */,
				ED33DF2A687741AEAF9F8254 /* Bridging-Header.h */,
			);
			name = "Other Sources";
			path = "MyStudy";
			sourceTree = "<group>";
		};
		29B97317FDCFA39411CA2CEA /* Resources */ = {
			isa = PBXGroup;
			children = (
				0207DA571B56EA530066E2B4 /* Images.xcassets */,
				3047A50E1AB8057F00498E2A /* config */,
				8D1107310486CEB800E47090 /* MyStudy-Info.plist */,
				4BB4E013C3F2450B9D391FE3 /* CDVNotification.bundle */,
				F3916526991042FD876316BE /* CDVCapture.bundle */,
				A676721A341F45D3B2688F8E /* DatePicker.xib */,
				858164E09E7B437CAB32081F /* appbeep.wav */,
				3A84178082CA495CB903D824 /* scannerOverlay.xib */,
				9C3D8BC547C64B75A30216B2 /* scannerOverlay.xib */,
				2D8FA71C11454E2DBE538F9B /* CDVBarcodeScanner.bundle */,
			);
			name = Resources;
			path = "MyStudy/Resources";
			sourceTree = "<group>";
		};
		29B97323FDCFA39411CA2CEA /* Frameworks */ = {
			isa = PBXGroup;
			children = (
				8CDEFAC60D154534B4C64970 /* ImageIO.framework */,
				B5E63E2CA2A847DEB223DA14 /* CoreLocation.framework */,
				69B1ACD673D24AFE899C4973 /* AVFoundation.framework */,
				5DAB3A4E8D5E4579B18987B4 /* AddressBook.framework */,
				404F071B42DF431995E4B0D3 /* AddressBookUI.framework */,
				499E9072D04247E88B4D5D87 /* CoreMotion.framework */,
				71826C8FA4994A9AAF3AEED4 /* AudioToolbox.framework */,
				AC470BF2ECA94CCB8BC99777 /* SystemConfiguration.framework */,
				A29658D3E52946DB8788D7EC /* CoreTelephony.framework */,
				4BC468ACE0994C54A5BFF78D /* CoreBluetooth.framework */,
				A1A6A1FD5756455D94C3CF2D /* MessageUI.framework */,
				8D0C3856EEFC4875A6D95487 /* libz.dylib */,
				45D0E272022142EEA422B316 /* libiconv.dylib */,
				E9476C3014A64A9086D73FA5 /* CoreVideo.framework */,
				E44E89BDB6864933933262AC /* QuartzCore.framework */,
				8EEF0CD45E8A4B45B99D12E7 /* CoreImage.framework */,
			);
			name = Frameworks;
			sourceTree = "<group>";
		};
		301BF52E109A57CC0062928A /* Products */ = {
			isa = PBXGroup;
			children = (
				301BF535109A57CC0062928A /* libCordova.a */,
			);
			name = Products;
			sourceTree = "<group>";
		};
		3047A50E1AB8057F00498E2A /* config */ = {
			isa = PBXGroup;
			children = (
				3047A50F1AB8059700498E2A /* build-debug.xcconfig */,
				3047A5101AB8059700498E2A /* build-release.xcconfig */,
				3047A5111AB8059700498E2A /* build.xcconfig */,
			);
			name = config;
			sourceTree = "<group>";
		};
		307C750510C5A3420062BCA9 /* Plugins */ = {
			isa = PBXGroup;
			children = (
				03BAA9CCC8FC4DADAD7D83E1 /* CDVBattery.m */,
				47D0EB20C59F41F5AA33B21D /* CDVBattery.h */,
				43D9DF61ECEF433C956550B5 /* UIImage+CropScaleOrientation.m */,
				F0B2806E07BD409F85923423 /* CDVCamera.m */,
				B27307B64D744B9EB122DC3D /* CDVJpegHeaderWriter.m */,
				1104FF1AFBA646C8A5544C53 /* UIImage+CropScaleOrientation.h */,
				8017EA96856E42548B77828E /* CDVCamera.h */,
				FAD6FB3D517740A091C8A28A /* CDVJpegHeaderWriter.h */,
				159A636E6DC444F6A96C8977 /* CDVExif.h */,
				497A04622E95441F9C66F223 /* CDVLogger.m */,
				C840264D79C64BF9A46799DB /* CDVLogger.h */,
				38587C344AC6499690518D41 /* CDVContacts.m */,
				908FBDD5000346FC99F23C93 /* CDVContact.m */,
				71394BC9B7F24FCEAB6483A7 /* CDVContacts.h */,
				5077527EF888410F9BD025A1 /* CDVContact.h */,
				D44E02A47B8B4DBC82272938 /* CDVDevice.m */,
				3BAABDFB113946CD933D5C19 /* CDVDevice.h */,
				18D1579B2FEB450D89F85409 /* CDVAccelerometer.m */,
				8C8738D0AE9142A29138BA21 /* CDVAccelerometer.h */,
				1F12FD937C464A668CCA759C /* CDVCompass.m */,
				EC341CC6476D48D6BC000F61 /* CDVCompass.h */,
				60C6035917DE4B33BF5CA941 /* CDVNotification.m */,
				3B403FF9572D4AD5A0A0B035 /* CDVNotification.h */,
				D6BAEB91EDA0498586DD6D43 /* CDVFile.m */,
				8DD53C893AAE430A8FA743DD /* CDVLocalFilesystem.m */,
				AF7F6FD699F342B6B64C35E2 /* CDVAssetLibraryFilesystem.m */,
				E5B6C7071CC447149D6CC8E4 /* CDVFile.h */,
				0D382CA753C049218C2D8751 /* CDVLocalFilesystem.h */,
				98EF5A5976A9463AA93A2C5D /* CDVAssetLibraryFilesystem.h */,
				7F97DFC5EB804B05853633AC /* CDVFileTransfer.m */,
				3E05DAB80EB244B7B331AA0B /* CDVFileTransfer.h */,
				BBB0FBF620F1406C8C691832 /* CDVLocation.m */,
				E1D62AC94F8F4DBE8C38BBB7 /* CDVLocation.h */,
				731D85F4409E437E9F897583 /* CDVGlobalization.m */,
				152668E64AC240E4A42B22E4 /* CDVGlobalization.h */,
				CB595212E86B4FF6AF4CC059 /* CDVInAppBrowser.m */,
				B8B974709A3A41C8A951F694 /* CDVInAppBrowser.h */,
				17F2B7FF899048A7A24BE17C /* CDVSound.m */,
				74AE4593C07D4A48A024A3F2 /* CDVSound.h */,
				319F9657FDF841C0A173387C /* CDVCapture.m */,
				60BE07F6AF0E413780F153B4 /* CDVCapture.h */,
				3838D307667B443D9C201112 /* CDVConnection.m */,
				439272FA0CED43D5B02DDE0D /* CDVReachability.m */,
				8AD531F515964020B065F0C4 /* CDVConnection.h */,
				207819FDBA264D13808F39C5 /* CDVReachability.h */,
				970C220DF29E4265B6BE6A06 /* CDVSplashScreen.m */,
				4FA06AEF4F09446BB3BC1BAE /* CDVViewController+SplashScreen.m */,
				14C534ADFA814715AD5F9F22 /* CDVSplashScreen.h */,
				A878B721480B484A9F3A1ABF /* CDVViewController+SplashScreen.h */,
				3D2E215A472747C9A794073E /* CDVStatusBar.m */,
				637B161A2A7B46059D15001A /* CDVStatusBar.h */,
				5CD6C11D023A4EB6AC427EE5 /* CDVVibration.m */,
				F98B546E70CB4CE387B25507 /* CDVVibration.h */,
				EBEBA2F3F8C443B990C012FF /* SQLitePlugin.m */,
				7489F84E971E4234A2CA6C70 /* sqlite3.c */,
				8095F39E257849A0821718A5 /* SQLitePlugin.h */,
				B06F81957368491C93FC0969 /* sqlite3.h */,
				F5F1237F9B8A426DAA84AA4A /* CDVLocationManager.m */,
				74C20EE8BCA54F9793B437F3 /* AppDelegate+CDVLocationManager.m */,
				50528F8C4C3146709AB9FEA3 /* LMLogger.m */,
				BF2832127A2B4382B3A823A6 /* CDVLocationManager.h */,
				1708DDFCA7F54A219126609E /* AppDelegate+CDVLocationManager.h */,
				1B80C9621B2A45EA872B43BB /* LMLogger.h */,
				94122A6573854B36A5282B69 /* APPLocalNotification.m */,
				AC6FF1C2DA804AC0BF9C8C1C /* APPLocalNotificationOptions.m */,
				527F8202737146F4AAE6EAED /* UIApplication+APPLocalNotification.m */,
				2199C30CA27041E8A893EC92 /* UILocalNotification+APPLocalNotification.m */,
				450DB84DFCCB4E13816F1ACB /* APPLocalNotification.h */,
				DB3E952E55E44986A3935152 /* APPLocalNotificationOptions.h */,
				FAEFDC25B7584A3AA4632E01 /* UIApplication+APPLocalNotification.h */,
				3EB2097A67AC4B9FBC7F6A49 /* UILocalNotification+APPLocalNotification.h */,
				CF9D5BAB08364B059B060C45 /* APPEmailComposer.m */,
				C0D430D7C3A74B8EBB5C14F2 /* APPEmailComposerImpl.m */,
				3C3C96292BA84E1387407FFD /* APPEmailComposer.h */,
				AF8AE6DDC29A47F7BBCF38EE /* APPEmailComposerImpl.h */,
				EE382B5C1CCA4992B78E1129 /* DatePicker.m */,
				BDF4F1AD8A294F0CB07644F9 /* DatePicker.h */,
				A9C4B29D4E3E49FC8593FF77 /* ZipPlugin.m */,
				7AB427A82C8747A188D4BE6B /* aescrypt.c */,
				DA4DEB9DB43D4072BB1837F6 /* aeskey.c */,
				1FFB09162AB7446D94CBBFB8 /* aestab.c */,
				DC56FF92587943C4A97A8B08 /* entropy.c */,
				CA3CD401C6EB416ABA9ED258 /* fileenc.c */,
				4F2D95CD35174E5A85F368E5 /* hmac.c */,
				0ADB6D1BE7414B39B7BA33D7 /* prng.c */,
				63819990084441C497BDE950 /* pwd2key.c */,
				27051FB7645C4BC9BBE0889B /* sha1.c */,
				C05082E6EEB442DC8D53D46B /* SSZipArchive.m */,
				8E385104EF5244138BB9DD58 /* zip.c */,
				46DF11AF9BBA45F6A7A40B64 /* unzip.c */,
				E91BE4892C8F4207BA1FB06B /* mztools.c */,
				F17DAA2971E54366B8D9C0BB /* ioapi.c */,
				355EBDEB3FD643F5B78A69AD /* ZipPlugin.h */,
				FC6D2EAAFE454724B39BC43E /* Common.h */,
				05E16BFD61A74A94BD8D3223 /* aes.h */,
				6C515938C3A84A4AB6784C34 /* aes_via_ace.h */,
				D18CEB8AFBBB4A8FA111D8AE /* aesopt.h */,
				5EC1768614864D349F12724E /* aestab.h */,
				19B3EFEB2E924921A73DE554 /* brg_endian.h */,
				70B303F0DB2F49C6A9FE5EA1 /* brg_types.h */,
				7B6017072F1348459C215AE1 /* entropy.h */,
				5A4430DF3EF34FB8BB819225 /* fileenc.h */,
				657D3F1AD4B44617851F58A6 /* hmac.h */,
				B25E077743744425A5558728 /* prng.h */,
				97FC90B4FD984E0180CD3B0C /* pwd2key.h */,
				6CE43614C91A4410BD9B12B2 /* sha1.h */,
				F527D54206F04D7EBFABFFC0 /* SSZipArchive.h */,
				907B04E359064E0CA2038CBD /* zip.h */,
				C64A198F633248CC8C1F9C65 /* unzip.h */,
				A7DD4009D8FA4CD8A53FFBB2 /* mztools.h */,
				3B9370D29F374709933E3E00 /* ioapi.h */,
				0FF6ADBE5AEB46268264DFFF /* crypt.h */,
				330B023195D94545BFCE1A2F /* APPBackgroundMode.m */,
				E2A11F70C43F48C281DA915D /* APPBackgroundMode.h */,
				1A2706F1B9F647B4ADC6BADC /* BackgroundDownload.m */,
				D69E71856FFC45FC91445C20 /* BackgroundDownload.h */,
				7A6909AD3F754E1B89B61D2A /* AppDelegate+APPAppEvent.m */,
				E49B6C52CABA401ABBBD4CE7 /* CDVPlugin+APPAppEvent.m */,
				D1BD0AFCA3BD4E038EA2D024 /* AppDelegate+APPAppEvent.h */,
				FB926636743E46E6A32E14F6 /* CDVPlugin+APPAppEvent.h */,
				8547394527104C2DA131A724 /* APPAppEventDelegate.h */,
				3E462975AAC54889A4AB1B59 /* CDVBarcodeScanner.mm */,
				C180D03736694827A62D6127 /* zxing-all-in-one.cpp */,
				7340334A781C4CDABF10CBD7 /* zxing-all-in-one.h */,
				0AA461A949054F45BF7015BF /* CDVBarcodeScanner.mm */,
				21895D8E35B24FEBADC17EDF /* zxing-all-in-one.cpp */,
				D66F088D03BF42B48673A153 /* zxing-all-in-one.h */,
			);
			name = Plugins;
			path = "MyStudy/Plugins";
			sourceTree = SOURCE_ROOT;
		};
		EB87FDF11871DA420020F90C /* Staging */ = {
			isa = PBXGroup;
			children = (
				F840E1F0165FE0F500CFE078 /* config.xml */,
				301BF56E109A69640062928A /* www */,
			);
			name = Staging;
			sourceTree = "<group>";
		};
/* End PBXGroup section */

/* Begin PBXNativeTarget section */
		1D6058900D05DD3D006BFB54 /* MyStudy */ = {
			isa = PBXNativeTarget;
			buildConfigurationList = 1D6058960D05DD3E006BFB54 /* Build configuration list for PBXNativeTarget "MyStudy" */;
			buildPhases = (
				304B58A110DAC018002A0835 /* Copy www directory */,
				1D60588D0D05DD3D006BFB54 /* Resources */,
				1D60588E0D05DD3D006BFB54 /* Sources */,
				1D60588F0D05DD3D006BFB54 /* Frameworks */,
			);
			buildRules = (
			);
			dependencies = (
				301BF551109A68C00062928A /* PBXTargetDependency */,
			);
			name = "MyStudy";
			productName = "MyStudy";
			productReference = 1D6058910D05DD3D006BFB54 /* MyStudy.app */;
			productType = "com.apple.product-type.application";
		};
/* End PBXNativeTarget section */

/* Begin PBXProject section */
		29B97313FDCFA39411CA2CEA /* Project object */ = {
			isa = PBXProject;
			attributes = {
				LastUpgradeCheck = 510;
			};
			buildConfigurationList = C01FCF4E08A954540054247B /* Build configuration list for PBXProject "__NON-CLI__" */;
			compatibilityVersion = "Xcode 3.2";
			developmentRegion = English;
			hasScannedForEncodings = 1;
			mainGroup = 29B97314FDCFA39411CA2CEA /* CustomTemplate */;
			projectDirPath = "";
			projectReferences = (
				{
					ProductGroup = 301BF52E109A57CC0062928A /* Products */;
					ProjectRef = 301BF52D109A57CC0062928A /* CordovaLib.xcodeproj */;
				},
			);
			projectRoot = "";
			targets = (
				1D6058900D05DD3D006BFB54 /* MyStudy */,
			);
		};
/* End PBXProject section */

/* Begin PBXReferenceProxy section */
		301BF535109A57CC0062928A /* libCordova.a */ = {
			isa = PBXReferenceProxy;
			fileType = archive.ar;
			path = libCordova.a;
			remoteRef = 301BF534109A57CC0062928A /* PBXContainerItemProxy */;
			sourceTree = BUILT_PRODUCTS_DIR;
		};
/* End PBXReferenceProxy section */

/* Begin PBXResourcesBuildPhase section */
		1D60588D0D05DD3D006BFB54 /* Resources */ = {
			isa = PBXResourcesBuildPhase;
			buildActionMask = 2147483647;
			files = (
				302D95F214D2391D003F00A1 /* MainViewController.xib in Resources */,
				3047A5131AB8059700498E2A /* build-release.xcconfig in Resources */,
				3047A5141AB8059700498E2A /* build.xcconfig in Resources */,
				0207DA581B56EA530066E2B4 /* Images.xcassets in Resources */,
				3047A5121AB8059700498E2A /* build-debug.xcconfig in Resources */,
				201F975DD89849EB9F7EF473 /* CDVNotification.bundle in Resources */,
				3F80E3F5B3294196B1C64D33 /* CDVCapture.bundle in Resources */,
				1246B33BEA054D2E98F89E16 /* DatePicker.xib in Resources */,
				3CB64FB8D86E4A389C745BA6 /* appbeep.wav in Resources */,
				5422C3B1BAFD44B287B53A4B /* scannerOverlay.xib in Resources */,
				485C496367F04BC6A4659567 /* scannerOverlay.xib in Resources */,
				4CE9061E158B448FA98814D8 /* CDVBarcodeScanner.bundle in Resources */,
			);
			runOnlyForDeploymentPostprocessing = 0;
		};
/* End PBXResourcesBuildPhase section */

/* Begin PBXShellScriptBuildPhase section */
		304B58A110DAC018002A0835 /* Copy www directory */ = {
			isa = PBXShellScriptBuildPhase;
			buildActionMask = 2147483647;
			files = (
			);
			inputPaths = (
			);
			name = "Copy www directory";
			outputPaths = (
			);
			runOnlyForDeploymentPostprocessing = 0;
			shellPath = /bin/sh;
			shellScript = "NODEJS_PATH=/usr/local/bin; NVM_NODE_PATH=~/.nvm/versions/node/`nvm version 2>/dev/null`/bin; N_NODE_PATH=`find /usr/local/n/versions/node/* -maxdepth 0 -type d 2>/dev/null | tail -1`/bin; XCODE_NODE_PATH=`xcode-select --print-path`/usr/share/xcs/Node/bin; PATH=$NODEJS_PATH:$NVM_NODE_PATH:$N_NODE_PATH:$XCODE_NODE_PATH:$PATH && node cordova/lib/copy-www-build-step.js";
			showEnvVarsInLog = 0;
		};
/* End PBXShellScriptBuildPhase section */

/* Begin PBXSourcesBuildPhase section */
		1D60588E0D05DD3D006BFB54 /* Sources */ = {
			isa = PBXSourcesBuildPhase;
			buildActionMask = 2147483647;
			files = (
				1D60589B0D05DD56006BFB54 /* main.m in Sources */,
				1D3623260D0F684500981E51 /* AppDelegate.m in Sources */,
				302D95F114D2391D003F00A1 /* MainViewController.m in Sources */,
				598E2A2432794B719E18932E /* CDVBattery.m in Sources */,
				4DA5BD1915C04A41A11A50FD /* UIImage+CropScaleOrientation.m in Sources */,
				4158EB55E32D42DB9668D581 /* CDVCamera.m in Sources */,
				C6ABA3299DF44451925EBE09 /* CDVJpegHeaderWriter.m in Sources */,
				F372BA27E4304A4F90051050 /* CDVLogger.m in Sources */,
				538352286A684577B3846DCC /* CDVContacts.m in Sources */,
				BCA1A874FCD44FD4B5DC22F4 /* CDVContact.m in Sources */,
				2021A34B1BBA42379A6DAABC /* CDVDevice.m in Sources */,
				AE3C3CB6439F43B8B92A4071 /* CDVAccelerometer.m in Sources */,
				836B711B351C49C784B70BAD /* CDVCompass.m in Sources */,
				9962BC881BFE454E92CF0D8A /* CDVNotification.m in Sources */,
				A98293FB1C624363B8D739B1 /* CDVFile.m in Sources */,
				3DC37C3476DE48A983604076 /* CDVLocalFilesystem.m in Sources */,
				FADBC7998DEF4CA88D4F76B1 /* CDVAssetLibraryFilesystem.m in Sources */,
				4F3D43A9E2B142C28C0EC00F /* CDVFileTransfer.m in Sources */,
				E2698DC0615341C3924F7005 /* CDVLocation.m in Sources */,
				49AAB3D1077B4D46BBF5B05C /* CDVGlobalization.m in Sources */,
				3AB211BFABE94983B2C60CEA /* CDVInAppBrowser.m in Sources */,
				E037EB7DD2C74428AF758608 /* CDVSound.m in Sources */,
				C9AFFFDA3A6442BEB2A6DC5E /* CDVCapture.m in Sources */,
				861CF7DB38E64FC1ABDB87A8 /* CDVConnection.m in Sources */,
				D3907BE0D3A74468A9D5346A /* CDVReachability.m in Sources */,
				4759A2CE125940CA8FD193AE /* CDVSplashScreen.m in Sources */,
				9A55876F20824E84AB0F56AC /* CDVViewController+SplashScreen.m in Sources */,
				233B6E3EA0064479B0137925 /* CDVStatusBar.m in Sources */,
				9A1AEF7736614614AACF0ABD /* CDVVibration.m in Sources */,
				47E8B6D1F8DD4AAB9BC329EB /* SQLitePlugin.m in Sources */,
				58E6833D4A7546F0ADD38440 /* sqlite3.c in Resources */,
				CCFC5DE16140421FB5FD9752 /* CDVLocationManager.m in Sources */,
				88E6810083854F6DAD3B5213 /* AppDelegate+CDVLocationManager.m in Sources */,
				F582DBDA960340ECB9E2F80F /* LMLogger.m in Sources */,
				9DE8108747EA414087D6AF01 /* APPLocalNotification.m in Sources */,
				E4DA84AEA2714CA38CC9F91B /* APPLocalNotificationOptions.m in Sources */,
				FAF151B9775D456A9978876A /* UIApplication+APPLocalNotification.m in Sources */,
				32992A83D6D64C178B6BCF0E /* UILocalNotification+APPLocalNotification.m in Sources */,
				B8AFC252CD1E44CDB7187596 /* APPEmailComposer.m in Sources */,
				46A57297EB8045CAA8C38C0E /* APPEmailComposerImpl.m in Sources */,
				B94DE10BA2464CC58A5BED48 /* DatePicker.m in Sources */,
				2CF784AB8C2946D0A98AD918 /* ZipPlugin.m in Sources */,
				DBE3F373833D42358B0A0BFF /* aescrypt.c in Resources */,
				A0BB06D3168642EA87CD74D6 /* aeskey.c in Resources */,
				800ED0430C8545B1AB2BDDD8 /* aestab.c in Resources */,
				0938A132D26544018C3F3BC6 /* entropy.c in Resources */,
				3BB2132D070F4E21A001D5C2 /* fileenc.c in Resources */,
				1357D236A23F4C57923CDE4E /* hmac.c in Resources */,
				50885CA4CAF34C2D8DD9BB65 /* prng.c in Resources */,
				A497260B859D4DDD998670D6 /* pwd2key.c in Resources */,
				565F52DBCA654918949ADBAF /* sha1.c in Resources */,
				BDB98ACF588C4A9CA44C60DC /* SSZipArchive.m in Sources */,
				DDB7D35C02A34AB59BE03E26 /* zip.c in Resources */,
				0DDC5B0235F141E6881F2217 /* unzip.c in Resources */,
				E07D6E6C95564A5D81268446 /* mztools.c in Resources */,
				C332122136604DCD8A56E16A /* ioapi.c in Resources */,
				E93224860FB34E75A8CDC170 /* APPBackgroundMode.m in Sources */,
				A1622B2EF99348EEA9F4D1CB /* BackgroundDownload.m in Sources */,
				581C96889D9340829F16073B /* AppDelegate+APPAppEvent.m in Sources */,
				26E6B70DCD1746A3A1E54BBC /* CDVPlugin+APPAppEvent.m in Sources */,
				C8AF93D8B7314C06A7FDA3E6 /* CDVBarcodeScanner.mm in Resources */,
				E167CA58B6B543B29B070B53 /* zxing-all-in-one.cpp in Resources */,
				9AB32C81A57C43BDB9E0DBBD /* CDVBarcodeScanner.mm in Resources */,
				53FBB7C7746942F9A3DBA9AF /* zxing-all-in-one.cpp in Resources */,
			);
			runOnlyForDeploymentPostprocessing = 0;
		};
/* End PBXSourcesBuildPhase section */

/* Begin PBXTargetDependency section */
		301BF551109A68C00062928A /* PBXTargetDependency */ = {
			isa = PBXTargetDependency;
			name = CordovaLib;
			targetProxy = 301BF550109A68C00062928A /* PBXContainerItemProxy */;
		};
/* End PBXTargetDependency section */

/* Begin XCBuildConfiguration section */
		1D6058940D05DD3E006BFB54 /* Debug */ = {
			isa = XCBuildConfiguration;
			baseConfigurationReference = 3047A50F1AB8059700498E2A /* build-debug.xcconfig */;
			buildSettings = {
				ALWAYS_SEARCH_USER_PATHS = NO;
				ASSETCATALOG_COMPILER_APPICON_NAME = AppIcon;
				ASSETCATALOG_COMPILER_LAUNCHIMAGE_NAME = LaunchImage;
				CLANG_ENABLE_MODULES = YES;
				CLANG_ENABLE_OBJC_ARC = YES;
				COPY_PHASE_STRIP = NO;
				GCC_DYNAMIC_NO_PIC = NO;
				GCC_OPTIMIZATION_LEVEL = 0;
				GCC_PRECOMPILE_PREFIX_HEADER = YES;
				GCC_PREFIX_HEADER = "MyStudy/MyStudy-Prefix.pch";
				GCC_THUMB_SUPPORT = NO;
				GCC_VERSION = "";
				INFOPLIST_FILE = "MyStudy/MyStudy-Info.plist";
				LD_RUNPATH_SEARCH_PATHS = "@executable_path/Frameworks";
				PRODUCT_NAME = "MyStudy";
			};
			name = Debug;
		};
		1D6058950D05DD3E006BFB54 /* Release */ = {
			isa = XCBuildConfiguration;
			baseConfigurationReference = 3047A5101AB8059700498E2A /* build-release.xcconfig */;
			buildSettings = {
				ALWAYS_SEARCH_USER_PATHS = NO;
				ASSETCATALOG_COMPILER_APPICON_NAME = AppIcon;
				ASSETCATALOG_COMPILER_LAUNCHIMAGE_NAME = LaunchImage;
				CLANG_ENABLE_MODULES = YES;
				CLANG_ENABLE_OBJC_ARC = YES;
				COPY_PHASE_STRIP = YES;
				GCC_PRECOMPILE_PREFIX_HEADER = YES;
				GCC_PREFIX_HEADER = "MyStudy/MyStudy-Prefix.pch";
				GCC_THUMB_SUPPORT = NO;
				GCC_VERSION = "";
				INFOPLIST_FILE = "MyStudy/MyStudy-Info.plist";
				PRODUCT_NAME = "MyStudy";
			};
			name = Release;
		};
		C01FCF4F08A954540054247B /* Debug */ = {
			isa = XCBuildConfiguration;
			baseConfigurationReference = 3047A5111AB8059700498E2A /* build.xcconfig */;
			buildSettings = {
				CLANG_ENABLE_MODULES = YES;
				CLANG_ENABLE_OBJC_ARC = YES;
				CLANG_WARN_BOOL_CONVERSION = YES;
				CLANG_WARN_CONSTANT_CONVERSION = YES;
				CLANG_WARN_EMPTY_BODY = YES;
				CLANG_WARN_ENUM_CONVERSION = YES;
				CLANG_WARN_INT_CONVERSION = YES;
				CLANG_WARN__DUPLICATE_METHOD_MATCH = YES;
				GCC_C_LANGUAGE_STANDARD = c99;
				GCC_THUMB_SUPPORT = NO;
				GCC_VERSION = "";
				GCC_WARN_ABOUT_RETURN_TYPE = YES;
				GCC_WARN_UNDECLARED_SELECTOR = YES;
				GCC_WARN_UNINITIALIZED_AUTOS = YES;
				GCC_WARN_UNUSED_FUNCTION = YES;
				GCC_WARN_UNUSED_VARIABLE = YES;
				ONLY_ACTIVE_ARCH = YES;
				SDKROOT = iphoneos;
				SKIP_INSTALL = NO;
			};
			name = Debug;
		};
		C01FCF5008A954540054247B /* Release */ = {
			isa = XCBuildConfiguration;
			baseConfigurationReference = 3047A5111AB8059700498E2A /* build.xcconfig */;
			buildSettings = {
				CLANG_ENABLE_MODULES = YES;
				CLANG_ENABLE_OBJC_ARC = YES;
				CLANG_WARN_BOOL_CONVERSION = YES;
				CLANG_WARN_CONSTANT_CONVERSION = YES;
				CLANG_WARN_EMPTY_BODY = YES;
				CLANG_WARN_ENUM_CONVERSION = YES;
				CLANG_WARN_INT_CONVERSION = YES;
				CLANG_WARN__DUPLICATE_METHOD_MATCH = YES;
				GCC_C_LANGUAGE_STANDARD = c99;
				GCC_THUMB_SUPPORT = NO;
				GCC_VERSION = "";
				GCC_WARN_ABOUT_RETURN_TYPE = YES;
				GCC_WARN_UNDECLARED_SELECTOR = YES;
				GCC_WARN_UNINITIALIZED_AUTOS = YES;
				GCC_WARN_UNUSED_FUNCTION = YES;
				GCC_WARN_UNUSED_VARIABLE = YES;
				SDKROOT = iphoneos;
				SKIP_INSTALL = NO;
			};
			name = Release;
		};
/* End XCBuildConfiguration section */

/* Begin XCConfigurationList section */
		1D6058960D05DD3E006BFB54 /* Build configuration list for PBXNativeTarget "MyStudy" */ = {
			isa = XCConfigurationList;
			buildConfigurations = (
				1D6058940D05DD3E006BFB54 /* Debug */,
				1D6058950D05DD3E006BFB54 /* Release */,
			);
			defaultConfigurationIsVisible = 0;
			defaultConfigurationName = Release;
		};
		C01FCF4E08A954540054247B /* Build configuration list for PBXProject "__NON-CLI__" */ = {
			isa = XCConfigurationList;
			buildConfigurations = (
				C01FCF4F08A954540054247B /* Debug */,
				C01FCF5008A954540054247B /* Release */,
			);
			defaultConfigurationIsVisible = 0;
			defaultConfigurationName = Release;
		};
/* End XCConfigurationList section */
	};
	rootObject = 29B97313FDCFA39411CA2CEA /* Project object */;
}
